// !$*UTF8*$!
{
	archiveVersion = 1;
	classes = {
	};
	objectVersion = 77;
	objects = {

/* Begin PBXBuildFile section */
		0848A114943B5D9FDE7DAA4A /* HookahBossApp.swift in Sources */ = {isa = PBXBuildFile; fileRef = 102C19469FD2663CB103F773 /* HookahBossApp.swift */; };
		0AC452A1D0659F25C7C3B3B5 /* APIModels.swift in Sources */ = {isa = PBXBuildFile; fileRef = 597A11477A3281809C2258BE /* APIModels.swift */; };
		1BDD978678AB340A66E06CD2 /* AppNavigation.swift in Sources */ = {isa = PBXBuildFile; fileRef = F479494A3DDDEE4733A8B91E /* AppNavigation.swift */; };
		1D7A320C349F7A3A904887E1 /* APIClientTests.swift in Sources */ = {isa = PBXBuildFile; fileRef = 100913A2F27529AAB1E908B8 /* APIClientTests.swift */; };
		1F5B09499765733FEBFC4515 /* article-basics.png in Resources */ = {isa = PBXBuildFile; fileRef = 492230BBB3BA966F5C8059C0 /* article-basics.png */; };
		240C7F8375B484482E321FC2 /* Localizable.strings in Resources */ = {isa = PBXBuildFile; fileRef = C7631D31CA855E1709998A53 /* Localizable.strings */; };
		2AC7F3A01C61036F79326DF8 /* article-preparation.png in Resources */ = {isa = PBXBuildFile; fileRef = 555D7881A091788176A56197 /* article-preparation.png */; };
		2B802C694553AE021667A1CA /* article-safety.png in Resources */ = {isa = PBXBuildFile; fileRef = 60E62A11A4CEA136F53DF05C /* article-safety.png */; };
		41E81C52317EA2C6D0A60C27 /* AppConfigBundleTests.swift in Sources */ = {isa = PBXBuildFile; fileRef = 13F8A92337E80121363057B6 /* AppConfigBundleTests.swift */; };
		45531B1CDC8B088017546E3A /* CollectionView.swift in Sources */ = {isa = PBXBuildFile; fileRef = 65FDD9AFE447B7324E497E2E /* CollectionView.swift */; };
		4BAFDCCDE54086D3C0549953 /* MixViews.swift in Sources */ = {isa = PBXBuildFile; fileRef = DABA7697840ADF7BE9A8B04F /* MixViews.swift */; };
		51D838745EDADCAC7BAF0857 /* mix-tropical.png in Resources */ = {isa = PBXBuildFile; fileRef = 7424D02AD03F48DE388EA870 /* mix-tropical.png */; };
		5559F84688EDD0198C895E49 /* PrivacyInfo.xcprivacy in Resources */ = {isa = PBXBuildFile; fileRef = 87AA2FFD16EDACF89020CBF2 /* PrivacyInfo.xcprivacy */; };
		5605F98A36B8418FF15443DD /* ArticlesView.swift in Sources */ = {isa = PBXBuildFile; fileRef = 5137D940742BB6D1C4121F82 /* ArticlesView.swift */; };
		597823E8523527A8F78AE109 /* PercentageDistributorTests.swift in Sources */ = {isa = PBXBuildFile; fileRef = 253CBF0B6EA27809C578D5BB /* PercentageDistributorTests.swift */; };
		68FEC3AB66D84DBE7241B486 /* ArticleModels.swift in Sources */ = {isa = PBXBuildFile; fileRef = 5550DDA9B9BA77C4F12EC001 /* ArticleModels.swift */; };
		694B782E2A90C557B0C74AE6 /* AppNavigationTests.swift in Sources */ = {isa = PBXBuildFile; fileRef = 3F7189FB3C3D31DB955A5083 /* AppNavigationTests.swift */; };
		6A3CB2F1883967437B733942 /* PublicContentStore.swift in Sources */ = {isa = PBXBuildFile; fileRef = 43E8875ACEB69F64EB45AFD0 /* PublicContentStore.swift */; };
		73FE132225C72CF56E019EBF /* AppThemeTests.swift in Sources */ = {isa = PBXBuildFile; fileRef = 41B0A07B24FE09EC87E8B92A /* AppThemeTests.swift */; };
		7568FE049651368822E8DDEB /* article-care.png in Resources */ = {isa = PBXBuildFile; fileRef = 1AF28E69097E307DC8DF5288 /* article-care.png */; };
		7F76EFB9188547C4544FD8B3 /* AuthCore.swift in Sources */ = {isa = PBXBuildFile; fileRef = 3795577044515481B4CAAD8D /* AuthCore.swift */; };
		8406C5A53BB90ACCF336AA74 /* EntitlementsManifestTests.swift in Sources */ = {isa = PBXBuildFile; fileRef = 99C33E045613DA5752F0DEA1 /* EntitlementsManifestTests.swift */; };
		8730EEE911D526E5DDB425DE /* Models.swift in Sources */ = {isa = PBXBuildFile; fileRef = FCD360414AC21E6637AC36BA /* Models.swift */; };
		909B77D7BA4A60F34D9DB010 /* AdminFormTests.swift in Sources */ = {isa = PBXBuildFile; fileRef = ADAC2BC48DF65FF26C823ACC /* AdminFormTests.swift */; };
		9733527F02B721BF9DBEEA7E /* APIClient.swift in Sources */ = {isa = PBXBuildFile; fileRef = EC6FAB6307EDD504285C5997 /* APIClient.swift */; };
		9F12718AA4130FD834502588 /* SyncSupportTests.swift in Sources */ = {isa = PBXBuildFile; fileRef = 7DF6A6B7CD9E448B18685405 /* SyncSupportTests.swift */; };
		A3FB5593A981690FB307531F /* AppConfig.swift in Sources */ = {isa = PBXBuildFile; fileRef = 7D3CC2390DDD49148D0BF4BB /* AppConfig.swift */; };
		A4482E002BEA5C6C27FB3A04 /* HookahBossSmokeUITests.swift in Sources */ = {isa = PBXBuildFile; fileRef = 9488ED534930A3A1546E4A3C /* HookahBossSmokeUITests.swift */; };
		ACF28C8573BE1EF4B3C07061 /* AuthGateTests.swift in Sources */ = {isa = PBXBuildFile; fileRef = 65C30FF46F5BBE84C8946607 /* AuthGateTests.swift */; };
		AE1EAA555E5078EB6EF1BB82 /* mix-dessert.png in Resources */ = {isa = PBXBuildFile; fileRef = 118C3CAD46D2EF498689211E /* mix-dessert.png */; };
		AF9EB31B4DAF2E0AD3F628B3 /* PublicContentStoreTests.swift in Sources */ = {isa = PBXBuildFile; fileRef = EBBCA03EFD6A7C181E736A53 /* PublicContentStoreTests.swift */; };
		B0C56B3402322D6881168B7D /* PrivacyManifestTests.swift in Sources */ = {isa = PBXBuildFile; fileRef = 2ED9A36973AB2B8CF1AA8678 /* PrivacyManifestTests.swift */; };
		B23D51444ADA0B6069B9298A /* MixFilterView.swift in Sources */ = {isa = PBXBuildFile; fileRef = 6183ED806E075EDD8A581544 /* MixFilterView.swift */; };
		B4BD6BF23A370ACF9E44C431 /* AdminView.swift in Sources */ = {isa = PBXBuildFile; fileRef = 49534B47858BA72520738BAE /* AdminView.swift */; };
		B75110153F19F14E719F06F5 /* AdminModels.swift in Sources */ = {isa = PBXBuildFile; fileRef = 8EC9470D237DDDB10B8463F5 /* AdminModels.swift */; };
		BD33AE1F40E17A29B82BFF75 /* mix-berry-citrus.png in Resources */ = {isa = PBXBuildFile; fileRef = 0D449B8062A88F42B43D5E03 /* mix-berry-citrus.png */; };
		C0D806B9942CC782ABE323BA /* CreateMixView.swift in Sources */ = {isa = PBXBuildFile; fileRef = 4A7DFAE62300A4A02953B8A1 /* CreateMixView.swift */; };
		C0E559215A82EB98F92B4CC1 /* PersonalMixModels.swift in Sources */ = {isa = PBXBuildFile; fileRef = FDEAECB9EA0E1F6B5F613068 /* PersonalMixModels.swift */; };
		C484D4B49AAC0A51ED830760 /* article-heat.png in Resources */ = {isa = PBXBuildFile; fileRef = 169406395714E2C78CDD28E6 /* article-heat.png */; };
		C921DBA6B763F6FBD9AD6149 /* AppTheme.swift in Sources */ = {isa = PBXBuildFile; fileRef = DB7B13C7ED5A7BBE51B8C434 /* AppTheme.swift */; };
		E104582E4EB98DC22AE0C516 /* SyncSupport.swift in Sources */ = {isa = PBXBuildFile; fileRef = 7D28094C422E9CB9CB55B124 /* SyncSupport.swift */; };
		F3777A49E3E4A68E86BA76A6 /* MixRankingTests.swift in Sources */ = {isa = PBXBuildFile; fileRef = A38D1E4AD9D9508D21BA8DB1 /* MixRankingTests.swift */; };
		F78C6963081FB4271763C57E /* MixRanking.swift in Sources */ = {isa = PBXBuildFile; fileRef = 016BBE54B3DB1068A6C5C388 /* MixRanking.swift */; };
		FC00958AFCD23BD63619F272 /* HomeView.swift in Sources */ = {isa = PBXBuildFile; fileRef = 318272FAF991F9F9B5FD0D54 /* HomeView.swift */; };
/* End PBXBuildFile section */

/* Begin PBXContainerItemProxy section */
		56357BD3EA37E6BDCD48E8CA /* PBXContainerItemProxy */ = {
			isa = PBXContainerItemProxy;
			containerPortal = 4731B5171C68DBF7801EFD41 /* Project object */;
			proxyType = 1;
			remoteGlobalIDString = AD965C39EE30BC38BB6EEFB3;
			remoteInfo = HookahBoss;
		};
		9095B90027E641234DA141E3 /* PBXContainerItemProxy */ = {
			isa = PBXContainerItemProxy;
			containerPortal = 4731B5171C68DBF7801EFD41 /* Project object */;
			proxyType = 1;
			remoteGlobalIDString = AD965C39EE30BC38BB6EEFB3;
			remoteInfo = HookahBoss;
		};
/* End PBXContainerItemProxy section */

/* Begin PBXFileReference section */
		016BBE54B3DB1068A6C5C388 /* MixRanking.swift */ = {isa = PBXFileReference; lastKnownFileType = sourcecode.swift; path = MixRanking.swift; sourceTree = "<group>"; };
		0D449B8062A88F42B43D5E03 /* mix-berry-citrus.png */ = {isa = PBXFileReference; lastKnownFileType = image.png; path = "mix-berry-citrus.png"; sourceTree = "<group>"; };
		100913A2F27529AAB1E908B8 /* APIClientTests.swift */ = {isa = PBXFileReference; lastKnownFileType = sourcecode.swift; path = APIClientTests.swift; sourceTree = "<group>"; };
		102C19469FD2663CB103F773 /* HookahBossApp.swift */ = {isa = PBXFileReference; lastKnownFileType = sourcecode.swift; path = HookahBossApp.swift; sourceTree = "<group>"; };
		118C3CAD46D2EF498689211E /* mix-dessert.png */ = {isa = PBXFileReference; lastKnownFileType = image.png; path = "mix-dessert.png"; sourceTree = "<group>"; };
		13F8A92337E80121363057B6 /* AppConfigBundleTests.swift */ = {isa = PBXFileReference; lastKnownFileType = sourcecode.swift; path = AppConfigBundleTests.swift; sourceTree = "<group>"; };
		14AAAEAC861C0A9F8D31F1E6 /* en */ = {isa = PBXFileReference; lastKnownFileType = text.plist.strings; name = en; path = en.lproj/Localizable.strings; sourceTree = "<group>"; };
		169406395714E2C78CDD28E6 /* article-heat.png */ = {isa = PBXFileReference; lastKnownFileType = image.png; path = "article-heat.png"; sourceTree = "<group>"; };
		1AF28E69097E307DC8DF5288 /* article-care.png */ = {isa = PBXFileReference; lastKnownFileType = image.png; path = "article-care.png"; sourceTree = "<group>"; };
		253CBF0B6EA27809C578D5BB /* PercentageDistributorTests.swift */ = {isa = PBXFileReference; lastKnownFileType = sourcecode.swift; path = PercentageDistributorTests.swift; sourceTree = "<group>"; };
		2ED9A36973AB2B8CF1AA8678 /* PrivacyManifestTests.swift */ = {isa = PBXFileReference; lastKnownFileType = sourcecode.swift; path = PrivacyManifestTests.swift; sourceTree = "<group>"; };
		318272FAF991F9F9B5FD0D54 /* HomeView.swift */ = {isa = PBXFileReference; lastKnownFileType = sourcecode.swift; path = HomeView.swift; sourceTree = "<group>"; };
		3795577044515481B4CAAD8D /* AuthCore.swift */ = {isa = PBXFileReference; lastKnownFileType = sourcecode.swift; path = AuthCore.swift; sourceTree = "<group>"; };
		3F7189FB3C3D31DB955A5083 /* AppNavigationTests.swift */ = {isa = PBXFileReference; lastKnownFileType = sourcecode.swift; path = AppNavigationTests.swift; sourceTree = "<group>"; };
		41B0A07B24FE09EC87E8B92A /* AppThemeTests.swift */ = {isa = PBXFileReference; lastKnownFileType = sourcecode.swift; path = AppThemeTests.swift; sourceTree = "<group>"; };
		43E8875ACEB69F64EB45AFD0 /* PublicContentStore.swift */ = {isa = PBXFileReference; lastKnownFileType = sourcecode.swift; path = PublicContentStore.swift; sourceTree = "<group>"; };
		492230BBB3BA966F5C8059C0 /* article-basics.png */ = {isa = PBXFileReference; lastKnownFileType = image.png; path = "article-basics.png"; sourceTree = "<group>"; };
		49534B47858BA72520738BAE /* AdminView.swift */ = {isa = PBXFileReference; lastKnownFileType = sourcecode.swift; path = AdminView.swift; sourceTree = "<group>"; };
		4A7DFAE62300A4A02953B8A1 /* CreateMixView.swift */ = {isa = PBXFileReference; lastKnownFileType = sourcecode.swift; path = CreateMixView.swift; sourceTree = "<group>"; };
		5137D940742BB6D1C4121F82 /* ArticlesView.swift */ = {isa = PBXFileReference; lastKnownFileType = sourcecode.swift; path = ArticlesView.swift; sourceTree = "<group>"; };
		5550DDA9B9BA77C4F12EC001 /* ArticleModels.swift */ = {isa = PBXFileReference; lastKnownFileType = sourcecode.swift; path = ArticleModels.swift; sourceTree = "<group>"; };
		555D7881A091788176A56197 /* article-preparation.png */ = {isa = PBXFileReference; lastKnownFileType = image.png; path = "article-preparation.png"; sourceTree = "<group>"; };
		58098A659657672CC273F18A /* HookahBoss.app */ = {isa = PBXFileReference; includeInIndex = 0; lastKnownFileType = wrapper.application; path = HookahBoss.app; sourceTree = BUILT_PRODUCTS_DIR; };
		597A11477A3281809C2258BE /* APIModels.swift */ = {isa = PBXFileReference; lastKnownFileType = sourcecode.swift; path = APIModels.swift; sourceTree = "<group>"; };
		60E62A11A4CEA136F53DF05C /* article-safety.png */ = {isa = PBXFileReference; lastKnownFileType = image.png; path = "article-safety.png"; sourceTree = "<group>"; };
		6183ED806E075EDD8A581544 /* MixFilterView.swift */ = {isa = PBXFileReference; lastKnownFileType = sourcecode.swift; path = MixFilterView.swift; sourceTree = "<group>"; };
		6300DE45B08AD5D371275DBF /* HookahBossUITests.xctest */ = {isa = PBXFileReference; includeInIndex = 0; lastKnownFileType = wrapper.cfbundle; path = HookahBossUITests.xctest; sourceTree = BUILT_PRODUCTS_DIR; };
		65C30FF46F5BBE84C8946607 /* AuthGateTests.swift */ = {isa = PBXFileReference; lastKnownFileType = sourcecode.swift; path = AuthGateTests.swift; sourceTree = "<group>"; };
		65FDD9AFE447B7324E497E2E /* CollectionView.swift */ = {isa = PBXFileReference; lastKnownFileType = sourcecode.swift; path = CollectionView.swift; sourceTree = "<group>"; };
		7424D02AD03F48DE388EA870 /* mix-tropical.png */ = {isa = PBXFileReference; lastKnownFileType = image.png; path = "mix-tropical.png"; sourceTree = "<group>"; };
		7D28094C422E9CB9CB55B124 /* SyncSupport.swift */ = {isa = PBXFileReference; lastKnownFileType = sourcecode.swift; path = SyncSupport.swift; sourceTree = "<group>"; };
		7D3CC2390DDD49148D0BF4BB /* AppConfig.swift */ = {isa = PBXFileReference; lastKnownFileType = sourcecode.swift; path = AppConfig.swift; sourceTree = "<group>"; };
		7DF6A6B7CD9E448B18685405 /* SyncSupportTests.swift */ = {isa = PBXFileReference; lastKnownFileType = sourcecode.swift; path = SyncSupportTests.swift; sourceTree = "<group>"; };
		87AA2FFD16EDACF89020CBF2 /* PrivacyInfo.xcprivacy */ = {isa = PBXFileReference; path = PrivacyInfo.xcprivacy; sourceTree = "<group>"; };
		8C23151B22B4C1771E13A8FC /* Info.plist */ = {isa = PBXFileReference; lastKnownFileType = text.plist; path = Info.plist; sourceTree = "<group>"; };
		8EC9470D237DDDB10B8463F5 /* AdminModels.swift */ = {isa = PBXFileReference; lastKnownFileType = sourcecode.swift; path = AdminModels.swift; sourceTree = "<group>"; };
		9488ED534930A3A1546E4A3C /* HookahBossSmokeUITests.swift */ = {isa = PBXFileReference; lastKnownFileType = sourcecode.swift; path = HookahBossSmokeUITests.swift; sourceTree = "<group>"; };
		94E0035677F775AB485BFE35 /* HookahBossTests.xctest */ = {isa = PBXFileReference; includeInIndex = 0; lastKnownFileType = wrapper.cfbundle; path = HookahBossTests.xctest; sourceTree = BUILT_PRODUCTS_DIR; };
		99C33E045613DA5752F0DEA1 /* EntitlementsManifestTests.swift */ = {isa = PBXFileReference; lastKnownFileType = sourcecode.swift; path = EntitlementsManifestTests.swift; sourceTree = "<group>"; };
		A38D1E4AD9D9508D21BA8DB1 /* MixRankingTests.swift */ = {isa = PBXFileReference; lastKnownFileType = sourcecode.swift; path = MixRankingTests.swift; sourceTree = "<group>"; };
		ADAC2BC48DF65FF26C823ACC /* AdminFormTests.swift */ = {isa = PBXFileReference; lastKnownFileType = sourcecode.swift; path = AdminFormTests.swift; sourceTree = "<group>"; };
		BF1B57DBE74F2BDFB0C6094C /* HookahBoss.entitlements */ = {isa = PBXFileReference; lastKnownFileType = text.plist.entitlements; path = HookahBoss.entitlements; sourceTree = "<group>"; };
		DABA7697840ADF7BE9A8B04F /* MixViews.swift */ = {isa = PBXFileReference; lastKnownFileType = sourcecode.swift; path = MixViews.swift; sourceTree = "<group>"; };
		DB7B13C7ED5A7BBE51B8C434 /* AppTheme.swift */ = {isa = PBXFileReference; lastKnownFileType = sourcecode.swift; path = AppTheme.swift; sourceTree = "<group>"; };
		EBBCA03EFD6A7C181E736A53 /* PublicContentStoreTests.swift */ = {isa = PBXFileReference; lastKnownFileType = sourcecode.swift; path = PublicContentStoreTests.swift; sourceTree = "<group>"; };
		EC6FAB6307EDD504285C5997 /* APIClient.swift */ = {isa = PBXFileReference; lastKnownFileType = sourcecode.swift; path = APIClient.swift; sourceTree = "<group>"; };
		F02950B67B5C16561E1230CC /* ru */ = {isa = PBXFileReference; lastKnownFileType = text.plist.strings; name = ru; path = ru.lproj/Localizable.strings; sourceTree = "<group>"; };
		F479494A3DDDEE4733A8B91E /* AppNavigation.swift */ = {isa = PBXFileReference; lastKnownFileType = sourcecode.swift; path = AppNavigation.swift; sourceTree = "<group>"; };
		FCD360414AC21E6637AC36BA /* Models.swift */ = {isa = PBXFileReference; lastKnownFileType = sourcecode.swift; path = Models.swift; sourceTree = "<group>"; };
		FDEAECB9EA0E1F6B5F613068 /* PersonalMixModels.swift */ = {isa = PBXFileReference; lastKnownFileType = sourcecode.swift; path = PersonalMixModels.swift; sourceTree = "<group>"; };
/* End PBXFileReference section */

/* Begin PBXGroup section */
		42D59BA942C97B6DAD78F430 /* HookahBossUITests */ = {
			isa = PBXGroup;
			children = (
				9488ED534930A3A1546E4A3C /* HookahBossSmokeUITests.swift */,
			);
			path = HookahBossUITests;
			sourceTree = "<group>";
		};
		6296979BEC2A85116EB5B1FC /* HookahBossTests */ = {
			isa = PBXGroup;
			children = (
				ADAC2BC48DF65FF26C823ACC /* AdminFormTests.swift */,
				100913A2F27529AAB1E908B8 /* APIClientTests.swift */,
				13F8A92337E80121363057B6 /* AppConfigBundleTests.swift */,
				3F7189FB3C3D31DB955A5083 /* AppNavigationTests.swift */,
				41B0A07B24FE09EC87E8B92A /* AppThemeTests.swift */,
				65C30FF46F5BBE84C8946607 /* AuthGateTests.swift */,
				99C33E045613DA5752F0DEA1 /* EntitlementsManifestTests.swift */,
				A38D1E4AD9D9508D21BA8DB1 /* MixRankingTests.swift */,
				253CBF0B6EA27809C578D5BB /* PercentageDistributorTests.swift */,
				2ED9A36973AB2B8CF1AA8678 /* PrivacyManifestTests.swift */,
				EBBCA03EFD6A7C181E736A53 /* PublicContentStoreTests.swift */,
				7DF6A6B7CD9E448B18685405 /* SyncSupportTests.swift */,
			);
			path = HookahBossTests;
			sourceTree = "<group>";
		};
		6750DD7984EE3180A0E21D95 /* HookahBoss */ = {
			isa = PBXGroup;
			children = (
				8EC9470D237DDDB10B8463F5 /* AdminModels.swift */,
				49534B47858BA72520738BAE /* AdminView.swift */,
				EC6FAB6307EDD504285C5997 /* APIClient.swift */,
				597A11477A3281809C2258BE /* APIModels.swift */,
				7D3CC2390DDD49148D0BF4BB /* AppConfig.swift */,
				F479494A3DDDEE4733A8B91E /* AppNavigation.swift */,
				DB7B13C7ED5A7BBE51B8C434 /* AppTheme.swift */,
				5550DDA9B9BA77C4F12EC001 /* ArticleModels.swift */,
				5137D940742BB6D1C4121F82 /* ArticlesView.swift */,
				3795577044515481B4CAAD8D /* AuthCore.swift */,
				65FDD9AFE447B7324E497E2E /* CollectionView.swift */,
				4A7DFAE62300A4A02953B8A1 /* CreateMixView.swift */,
				318272FAF991F9F9B5FD0D54 /* HomeView.swift */,
				BF1B57DBE74F2BDFB0C6094C /* HookahBoss.entitlements */,
				102C19469FD2663CB103F773 /* HookahBossApp.swift */,
				8C23151B22B4C1771E13A8FC /* Info.plist */,
				6183ED806E075EDD8A581544 /* MixFilterView.swift */,
				016BBE54B3DB1068A6C5C388 /* MixRanking.swift */,
				DABA7697840ADF7BE9A8B04F /* MixViews.swift */,
				FCD360414AC21E6637AC36BA /* Models.swift */,
				FDEAECB9EA0E1F6B5F613068 /* PersonalMixModels.swift */,
				87AA2FFD16EDACF89020CBF2 /* PrivacyInfo.xcprivacy */,
				43E8875ACEB69F64EB45AFD0 /* PublicContentStore.swift */,
				7D28094C422E9CB9CB55B124 /* SyncSupport.swift */,
				CD315628D27342AFE05D78FB /* Artwork */,
				C7631D31CA855E1709998A53 /* Localizable.strings */,
			);
			path = HookahBoss;
			sourceTree = "<group>";
		};
		9045B783F139C83B6A7844E1 = {
			isa = PBXGroup;
			children = (
				6750DD7984EE3180A0E21D95 /* HookahBoss */,
				6296979BEC2A85116EB5B1FC /* HookahBossTests */,
				42D59BA942C97B6DAD78F430 /* HookahBossUITests */,
				D43E13AF49B1770B06EF0E17 /* Products */,
			);
			sourceTree = "<group>";
		};
		CD315628D27342AFE05D78FB /* Artwork */ = {
			isa = PBXGroup;
			children = (
				492230BBB3BA966F5C8059C0 /* article-basics.png */,
				1AF28E69097E307DC8DF5288 /* article-care.png */,
				169406395714E2C78CDD28E6 /* article-heat.png */,
				555D7881A091788176A56197 /* article-preparation.png */,
				60E62A11A4CEA136F53DF05C /* article-safety.png */,
				0D449B8062A88F42B43D5E03 /* mix-berry-citrus.png */,
				118C3CAD46D2EF498689211E /* mix-dessert.png */,
				7424D02AD03F48DE388EA870 /* mix-tropical.png */,
			);
			path = Artwork;
			sourceTree = "<group>";
		};
		D43E13AF49B1770B06EF0E17 /* Products */ = {
			isa = PBXGroup;
			children = (
				58098A659657672CC273F18A /* HookahBoss.app */,
				94E0035677F775AB485BFE35 /* HookahBossTests.xctest */,
				6300DE45B08AD5D371275DBF /* HookahBossUITests.xctest */,
			);
			name = Products;
			sourceTree = "<group>";
		};
/* End PBXGroup section */

/* Begin PBXNativeTarget section */
		AB80DC21AB38E4895C92320A /* HookahBossUITests */ = {
			isa = PBXNativeTarget;
			buildConfigurationList = 675061008F94E8926592F959 /* Build configuration list for PBXNativeTarget "HookahBossUITests" */;
			buildPhases = (
				C260034DD1E36717C49C01FF /* Sources */,
			);
			buildRules = (
			);
			dependencies = (
				7900E7567D9089D262E50D41 /* PBXTargetDependency */,
			);
			name = HookahBossUITests;
			packageProductDependencies = (
			);
			productName = HookahBossUITests;
			productReference = 6300DE45B08AD5D371275DBF /* HookahBossUITests.xctest */;
			productType = "com.apple.product-type.bundle.ui-testing";
		};
		AD965C39EE30BC38BB6EEFB3 /* HookahBoss */ = {
			isa = PBXNativeTarget;
			buildConfigurationList = A0EDAE4BA1D705C1B3521AE8 /* Build configuration list for PBXNativeTarget "HookahBoss" */;
			buildPhases = (
				AA018FE65DAA48CA9A45AE37 /* Sources */,
				FCB7B9E5318D7CA557F176A7 /* Resources */,
			);
			buildRules = (
			);
			dependencies = (
			);
			name = HookahBoss;
			packageProductDependencies = (
			);
			productName = HookahBoss;
			productReference = 58098A659657672CC273F18A /* HookahBoss.app */;
			productType = "com.apple.product-type.application";
		};
		B8F01FAFC374C09374BA7EA1 /* HookahBossTests */ = {
			isa = PBXNativeTarget;
			buildConfigurationList = 3EAB406776CAD260E8F21703 /* Build configuration list for PBXNativeTarget "HookahBossTests" */;
			buildPhases = (
				0220D48CA26546B789748035 /* Sources */,
			);
			buildRules = (
			);
			dependencies = (
				4CF0994F6D8AD2C2D50B0D9B /* PBXTargetDependency */,
			);
			name = HookahBossTests;
			packageProductDependencies = (
			);
			productName = HookahBossTests;
			productReference = 94E0035677F775AB485BFE35 /* HookahBossTests.xctest */;
			productType = "com.apple.product-type.bundle.unit-test";
		};
/* End PBXNativeTarget section */

/* Begin PBXProject section */
		4731B5171C68DBF7801EFD41 /* Project object */ = {
			isa = PBXProject;
			attributes = {
				BuildIndependentTargetsInParallel = YES;
				LastUpgradeCheck = 1430;
				TargetAttributes = {
					AB80DC21AB38E4895C92320A = {
						DevelopmentTeam = "";
						TestTargetID = AD965C39EE30BC38BB6EEFB3;
					};
					AD965C39EE30BC38BB6EEFB3 = {
						DevelopmentTeam = "";
						ProvisioningStyle = Automatic;
					};
					B8F01FAFC374C09374BA7EA1 = {
						DevelopmentTeam = "";
					};
				};
			};
			buildConfigurationList = D0686705B2BDC2391B6BFF83 /* Build configuration list for PBXProject "HookahBoss" */;
			developmentRegion = en;
			hasScannedForEncodings = 0;
			knownRegions = (
				Base,
				en,
				ru,
			);
			mainGroup = 9045B783F139C83B6A7844E1;
			minimizedProjectReferenceProxies = 1;
			preferredProjectObjectVersion = 77;
			productRefGroup = D43E13AF49B1770B06EF0E17 /* Products */;
			projectDirPath = "";
			projectRoot = "";
			targets = (
				AD965C39EE30BC38BB6EEFB3 /* HookahBoss */,
				B8F01FAFC374C09374BA7EA1 /* HookahBossTests */,
				AB80DC21AB38E4895C92320A /* HookahBossUITests */,
			);
		};
/* End PBXProject section */

/* Begin PBXResourcesBuildPhase section */
		FCB7B9E5318D7CA557F176A7 /* Resources */ = {
			isa = PBXResourcesBuildPhase;
			buildActionMask = 2147483647;
			files = (
				240C7F8375B484482E321FC2 /* Localizable.strings in Resources */,
				5559F84688EDD0198C895E49 /* PrivacyInfo.xcprivacy in Resources */,
				1F5B09499765733FEBFC4515 /* article-basics.png in Resources */,
				7568FE049651368822E8DDEB /* article-care.png in Resources */,
				C484D4B49AAC0A51ED830760 /* article-heat.png in Resources */,
				2AC7F3A01C61036F79326DF8 /* article-preparation.png in Resources */,
				2B802C694553AE021667A1CA /* article-safety.png in Resources */,
				BD33AE1F40E17A29B82BFF75 /* mix-berry-citrus.png in Resources */,
				AE1EAA555E5078EB6EF1BB82 /* mix-dessert.png in Resources */,
				51D838745EDADCAC7BAF0857 /* mix-tropical.png in Resources */,
			);
			runOnlyForDeploymentPostprocessing = 0;
		};
/* End PBXResourcesBuildPhase section */

/* Begin PBXSourcesBuildPhase section */
		0220D48CA26546B789748035 /* Sources */ = {
			isa = PBXSourcesBuildPhase;
			buildActionMask = 2147483647;
			files = (
				1D7A320C349F7A3A904887E1 /* APIClientTests.swift in Sources */,
				909B77D7BA4A60F34D9DB010 /* AdminFormTests.swift in Sources */,
				41E81C52317EA2C6D0A60C27 /* AppConfigBundleTests.swift in Sources */,
				694B782E2A90C557B0C74AE6 /* AppNavigationTests.swift in Sources */,
				73FE132225C72CF56E019EBF /* AppThemeTests.swift in Sources */,
				ACF28C8573BE1EF4B3C07061 /* AuthGateTests.swift in Sources */,
				8406C5A53BB90ACCF336AA74 /* EntitlementsManifestTests.swift in Sources */,
				F3777A49E3E4A68E86BA76A6 /* MixRankingTests.swift in Sources */,
				597823E8523527A8F78AE109 /* PercentageDistributorTests.swift in Sources */,
				B0C56B3402322D6881168B7D /* PrivacyManifestTests.swift in Sources */,
				AF9EB31B4DAF2E0AD3F628B3 /* PublicContentStoreTests.swift in Sources */,
				9F12718AA4130FD834502588 /* SyncSupportTests.swift in Sources */,
			);
			runOnlyForDeploymentPostprocessing = 0;
		};
		AA018FE65DAA48CA9A45AE37 /* Sources */ = {
			isa = PBXSourcesBuildPhase;
			buildActionMask = 2147483647;
			files = (
				9733527F02B721BF9DBEEA7E /* APIClient.swift in Sources */,
				0AC452A1D0659F25C7C3B3B5 /* APIModels.swift in Sources */,
				B75110153F19F14E719F06F5 /* AdminModels.swift in Sources */,
				B4BD6BF23A370ACF9E44C431 /* AdminView.swift in Sources */,
				A3FB5593A981690FB307531F /* AppConfig.swift in Sources */,
				1BDD978678AB340A66E06CD2 /* AppNavigation.swift in Sources */,
				C921DBA6B763F6FBD9AD6149 /* AppTheme.swift in Sources */,
				68FEC3AB66D84DBE7241B486 /* ArticleModels.swift in Sources */,
				5605F98A36B8418FF15443DD /* ArticlesView.swift in Sources */,
				7F76EFB9188547C4544FD8B3 /* AuthCore.swift in Sources */,
				45531B1CDC8B088017546E3A /* CollectionView.swift in Sources */,
				C0D806B9942CC782ABE323BA /* CreateMixView.swift in Sources */,
				FC00958AFCD23BD63619F272 /* HomeView.swift in Sources */,
				0848A114943B5D9FDE7DAA4A /* HookahBossApp.swift in Sources */,
				B23D51444ADA0B6069B9298A /* MixFilterView.swift in Sources */,
				F78C6963081FB4271763C57E /* MixRanking.swift in Sources */,
				4BAFDCCDE54086D3C0549953 /* MixViews.swift in Sources */,
				8730EEE911D526E5DDB425DE /* Models.swift in Sources */,
				C0E559215A82EB98F92B4CC1 /* PersonalMixModels.swift in Sources */,
				6A3CB2F1883967437B733942 /* PublicContentStore.swift in Sources */,
				E104582E4EB98DC22AE0C516 /* SyncSupport.swift in Sources */,
			);
			runOnlyForDeploymentPostprocessing = 0;
		};
		C260034DD1E36717C49C01FF /* Sources */ = {
			isa = PBXSourcesBuildPhase;
			buildActionMask = 2147483647;
			files = (
				A4482E002BEA5C6C27FB3A04 /* HookahBossSmokeUITests.swift in Sources */,
			);
			runOnlyForDeploymentPostprocessing = 0;
		};
/* End PBXSourcesBuildPhase section */

/* Begin PBXTargetDependency section */
		4CF0994F6D8AD2C2D50B0D9B /* PBXTargetDependency */ = {
			isa = PBXTargetDependency;
			target = AD965C39EE30BC38BB6EEFB3 /* HookahBoss */;
			targetProxy = 9095B90027E641234DA141E3 /* PBXContainerItemProxy */;
		};
		7900E7567D9089D262E50D41 /* PBXTargetDependency */ = {
			isa = PBXTargetDependency;
			target = AD965C39EE30BC38BB6EEFB3 /* HookahBoss */;
			targetProxy = 56357BD3EA37E6BDCD48E8CA /* PBXContainerItemProxy */;
		};
/* End PBXTargetDependency section */

/* Begin PBXVariantGroup section */
		C7631D31CA855E1709998A53 /* Localizable.strings */ = {
			isa = PBXVariantGroup;
			children = (
				14AAAEAC861C0A9F8D31F1E6 /* en */,
				F02950B67B5C16561E1230CC /* ru */,
			);
			name = Localizable.strings;
			sourceTree = "<group>";
		};
/* End PBXVariantGroup section */

/* Begin XCBuildConfiguration section */
		111B18647C01125E794C09FB /* Release */ = {
			isa = XCBuildConfiguration;
			buildSettings = {
				API_BASE_URL = "$(HOOKAHBOSS_RELEASE_API_BASE_URL)";
				ASSETCATALOG_COMPILER_APPICON_NAME = AppIcon;
				CODE_SIGN_ENTITLEMENTS = HookahBoss/HookahBoss.entitlements;
				CODE_SIGN_IDENTITY = "iPhone Developer";
				CODE_SIGN_STYLE = Automatic;
				GENERATE_INFOPLIST_FILE = NO;
				INFOPLIST_FILE = HookahBoss/Info.plist;
				LD_RUNPATH_SEARCH_PATHS = (
					"$(inherited)",
					"@executable_path/Frameworks",
				);
				PRODUCT_BUNDLE_IDENTIFIER = com.hookahboss.app;
				SDKROOT = iphoneos;
				TARGETED_DEVICE_FAMILY = 1;
			};
			name = Release;
		};
		34EAE48FC0974B7B0BF1A8A4 /* Debug */ = {
			isa = XCBuildConfiguration;
			buildSettings = {
				ALWAYS_SEARCH_USER_PATHS = NO;
				CLANG_ANALYZER_NONNULL = YES;
				CLANG_ANALYZER_NUMBER_OBJECT_CONVERSION = YES_AGGRESSIVE;
				CLANG_CXX_LANGUAGE_STANDARD = "gnu++14";
				CLANG_CXX_LIBRARY = "libc++";
				CLANG_ENABLE_MODULES = YES;
				CLANG_ENABLE_OBJC_ARC = YES;
				CLANG_ENABLE_OBJC_WEAK = YES;
				CLANG_WARN_BLOCK_CAPTURE_AUTORELEASING = YES;
				CLANG_WARN_BOOL_CONVERSION = YES;
				CLANG_WARN_COMMA = YES;
				CLANG_WARN_CONSTANT_CONVERSION = YES;
				CLANG_WARN_DEPRECATED_OBJC_IMPLEMENTATIONS = YES;
				CLANG_WARN_DIRECT_OBJC_ISA_USAGE = YES_ERROR;
				CLANG_WARN_DOCUMENTATION_COMMENTS = YES;
				CLANG_WARN_EMPTY_BODY = YES;
				CLANG_WARN_ENUM_CONVERSION = YES;
				CLANG_WARN_INFINITE_RECURSION = YES;
				CLANG_WARN_INT_CONVERSION = YES;
				CLANG_WARN_NON_LITERAL_NULL_CONVERSION = YES;
				CLANG_WARN_OBJC_IMPLICIT_RETAIN_SELF = YES;
				CLANG_WARN_OBJC_LITERAL_CONVERSION = YES;
				CLANG_WARN_OBJC_ROOT_CLASS = YES_ERROR;
				CLANG_WARN_QUOTED_INCLUDE_IN_FRAMEWORK_HEADER = YES;
				CLANG_WARN_RANGE_LOOP_ANALYSIS = YES;
				CLANG_WARN_STRICT_PROTOTYPES = YES;
				CLANG_WARN_SUSPICIOUS_MOVE = YES;
				CLANG_WARN_UNGUARDED_AVAILABILITY = YES_AGGRESSIVE;
				CLANG_WARN_UNREACHABLE_CODE = YES;
				CLANG_WARN__DUPLICATE_METHOD_MATCH = YES;
				COPY_PHASE_STRIP = NO;
				DEBUG_INFORMATION_FORMAT = dwarf;
				DEVELOPMENT_TEAM = "";
				ENABLE_STRICT_OBJC_MSGSEND = YES;
				ENABLE_TESTABILITY = YES;
				GCC_C_LANGUAGE_STANDARD = gnu11;
				GCC_DYNAMIC_NO_PIC = NO;
				GCC_NO_COMMON_BLOCKS = YES;
				GCC_OPTIMIZATION_LEVEL = 0;
				GCC_PREPROCESSOR_DEFINITIONS = (
					"$(inherited)",
					"DEBUG=1",
				);
				GCC_WARN_64_TO_32_BIT_CONVERSION = YES;
				GCC_WARN_ABOUT_RETURN_TYPE = YES_ERROR;
				GCC_WARN_UNDECLARED_SELECTOR = YES;
				GCC_WARN_UNINITIALIZED_AUTOS = YES_AGGRESSIVE;
				GCC_WARN_UNUSED_FUNCTION = YES;
				GCC_WARN_UNUSED_VARIABLE = YES;
				IPHONEOS_DEPLOYMENT_TARGET = 17.0;
				MTL_ENABLE_DEBUG_INFO = INCLUDE_SOURCE;
				MTL_FAST_MATH = YES;
				ONLY_ACTIVE_ARCH = YES;
				PRODUCT_NAME = "$(TARGET_NAME)";
				SDKROOT = iphoneos;
				SWIFT_ACTIVE_COMPILATION_CONDITIONS = DEBUG;
				SWIFT_OPTIMIZATION_LEVEL = "-Onone";
				SWIFT_VERSION = 6.0;
			};
			name = Debug;
		};
		4A8DD860F7FB34951E4C88F3 /* Release */ = {
			isa = XCBuildConfiguration;
			buildSettings = {
				BUNDLE_LOADER = "$(TEST_HOST)";
				GENERATE_INFOPLIST_FILE = YES;
				LD_RUNPATH_SEARCH_PATHS = (
					"$(inherited)",
					"@executable_path/Frameworks",
					"@loader_path/Frameworks",
				);
				PRODUCT_BUNDLE_IDENTIFIER = com.hookahboss.tests;
				SDKROOT = iphoneos;
				TARGETED_DEVICE_FAMILY = "1,2";
				TEST_HOST = "$(BUILT_PRODUCTS_DIR)/HookahBoss.app/HookahBoss";
			};
			name = Release;
		};
		59CB0A7CC38578D686B7F7F1 /* Debug */ = {
			isa = XCBuildConfiguration;
			buildSettings = {
				API_BASE_URL = "https://effective-reverse-plasma-brain.trycloudflare.com";
				ASSETCATALOG_COMPILER_APPICON_NAME = AppIcon;
				CODE_SIGN_ENTITLEMENTS = HookahBoss/HookahBoss.entitlements;
				CODE_SIGN_IDENTITY = "iPhone Developer";
				CODE_SIGN_STYLE = Automatic;
				GENERATE_INFOPLIST_FILE = NO;
				INFOPLIST_FILE = HookahBoss/Info.plist;
				LD_RUNPATH_SEARCH_PATHS = (
					"$(inherited)",
					"@executable_path/Frameworks",
				);
				PRODUCT_BUNDLE_IDENTIFIER = com.hookahboss.app;
				SDKROOT = iphoneos;
				TARGETED_DEVICE_FAMILY = 1;
			};
			name = Debug;
		};
		66C4A83B31290D8922B23FC4 /* Release */ = {
			isa = XCBuildConfiguration;
			buildSettings = {
				ALWAYS_SEARCH_USER_PATHS = NO;
				CLANG_ANALYZER_NONNULL = YES;
				CLANG_ANALYZER_NUMBER_OBJECT_CONVERSION = YES_AGGRESSIVE;
				CLANG_CXX_LANGUAGE_STANDARD = "gnu++14";
				CLANG_CXX_LIBRARY = "libc++";
				CLANG_ENABLE_MODULES = YES;
				CLANG_ENABLE_OBJC_ARC = YES;
				CLANG_ENABLE_OBJC_WEAK = YES;
				CLANG_WARN_BLOCK_CAPTURE_AUTORELEASING = YES;
				CLANG_WARN_BOOL_CONVERSION = YES;
				CLANG_WARN_COMMA = YES;
				CLANG_WARN_CONSTANT_CONVERSION = YES;
				CLANG_WARN_DEPRECATED_OBJC_IMPLEMENTATIONS = YES;
				CLANG_WARN_DIRECT_OBJC_ISA_USAGE = YES_ERROR;
				CLANG_WARN_DOCUMENTATION_COMMENTS = YES;
				CLANG_WARN_EMPTY_BODY = YES;
				CLANG_WARN_ENUM_CONVERSION = YES;
				CLANG_WARN_INFINITE_RECURSION = YES;
				CLANG_WARN_INT_CONVERSION = YES;
				CLANG_WARN_NON_LITERAL_NULL_CONVERSION = YES;
				CLANG_WARN_OBJC_IMPLICIT_RETAIN_SELF = YES;
				CLANG_WARN_OBJC_LITERAL_CONVERSION = YES;
				CLANG_WARN_OBJC_ROOT_CLASS = YES_ERROR;
				CLANG_WARN_QUOTED_INCLUDE_IN_FRAMEWORK_HEADER = YES;
				CLANG_WARN_RANGE_LOOP_ANALYSIS = YES;
				CLANG_WARN_STRICT_PROTOTYPES = YES;
				CLANG_WARN_SUSPICIOUS_MOVE = YES;
				CLANG_WARN_UNGUARDED_AVAILABILITY = YES_AGGRESSIVE;
				CLANG_WARN_UNREACHABLE_CODE = YES;
				CLANG_WARN__DUPLICATE_METHOD_MATCH = YES;
				COPY_PHASE_STRIP = NO;
				DEBUG_INFORMATION_FORMAT = "dwarf-with-dsym";
				DEVELOPMENT_TEAM = "";
				ENABLE_NS_ASSERTIONS = NO;
				ENABLE_STRICT_OBJC_MSGSEND = YES;
				GCC_C_LANGUAGE_STANDARD = gnu11;
				GCC_NO_COMMON_BLOCKS = YES;
				GCC_WARN_64_TO_32_BIT_CONVERSION = YES;
				GCC_WARN_ABOUT_RETURN_TYPE = YES_ERROR;
				GCC_WARN_UNDECLARED_SELECTOR = YES;
				GCC_WARN_UNINITIALIZED_AUTOS = YES_AGGRESSIVE;
				GCC_WARN_UNUSED_FUNCTION = YES;
				GCC_WARN_UNUSED_VARIABLE = YES;
				IPHONEOS_DEPLOYMENT_TARGET = 17.0;
				MTL_ENABLE_DEBUG_INFO = NO;
				MTL_FAST_MATH = YES;
				PRODUCT_NAME = "$(TARGET_NAME)";
				SDKROOT = iphoneos;
				SWIFT_COMPILATION_MODE = wholemodule;
				SWIFT_OPTIMIZATION_LEVEL = "-O";
				SWIFT_VERSION = 6.0;
			};
			name = Release;
		};
		8F58EE3C29E94DE2955A6E21 /* Debug */ = {
			isa = XCBuildConfiguration;
			buildSettings = {
				BUNDLE_LOADER = "$(TEST_HOST)";
				GENERATE_INFOPLIST_FILE = YES;
				LD_RUNPATH_SEARCH_PATHS = (
					"$(inherited)",
					"@executable_path/Frameworks",
					"@loader_path/Frameworks",
				);
				PRODUCT_BUNDLE_IDENTIFIER = com.hookahboss.tests;
				SDKROOT = iphoneos;
				TARGETED_DEVICE_FAMILY = "1,2";
				TEST_HOST = "$(BUILT_PRODUCTS_DIR)/HookahBoss.app/HookahBoss";
			};
			name = Debug;
		};
		F5ADDBDEA4DCDDA46E280BFE /* Release */ = {
			isa = XCBuildConfiguration;
			buildSettings = {
				BUNDLE_LOADER = "$(TEST_HOST)";
				GENERATE_INFOPLIST_FILE = YES;
				LD_RUNPATH_SEARCH_PATHS = (
					"$(inherited)",
					"@executable_path/Frameworks",
					"@loader_path/Frameworks",
				);
				PRODUCT_BUNDLE_IDENTIFIER = com.hookahboss.uitests;
				SDKROOT = iphoneos;
				TARGETED_DEVICE_FAMILY = "1,2";
				TEST_TARGET_NAME = HookahBoss;
			};
			name = Release;
		};
		FE41504A82CB19C30E16F0ED /* Debug */ = {
			isa = XCBuildConfiguration;
			buildSettings = {
				BUNDLE_LOADER = "$(TEST_HOST)";
				GENERATE_INFOPLIST_FILE = YES;
				LD_RUNPATH_SEARCH_PATHS = (
					"$(inherited)",
					"@executable_path/Frameworks",
					"@loader_path/Frameworks",
				);
				PRODUCT_BUNDLE_IDENTIFIER = com.hookahboss.uitests;
				SDKROOT = iphoneos;
				TARGETED_DEVICE_FAMILY = "1,2";
				TEST_TARGET_NAME = HookahBoss;
			};
			name = Debug;
		};
/* End XCBuildConfiguration section */

/* Begin XCConfigurationList section */
		3EAB406776CAD260E8F21703 /* Build configuration list for PBXNativeTarget "HookahBossTests" */ = {
			isa = XCConfigurationList;
			buildConfigurations = (
				8F58EE3C29E94DE2955A6E21 /* Debug */,
				4A8DD860F7FB34951E4C88F3 /* Release */,
			);
			defaultConfigurationIsVisible = 0;
			defaultConfigurationName = Debug;
		};
		675061008F94E8926592F959 /* Build configuration list for PBXNativeTarget "HookahBossUITests" */ = {
			isa = XCConfigurationList;
			buildConfigurations = (
				FE41504A82CB19C30E16F0ED /* Debug */,
				F5ADDBDEA4DCDDA46E280BFE /* Release */,
			);
			defaultConfigurationIsVisible = 0;
			defaultConfigurationName = Debug;
		};
		A0EDAE4BA1D705C1B3521AE8 /* Build configuration list for PBXNativeTarget "HookahBoss" */ = {
			isa = XCConfigurationList;
			buildConfigurations = (
				59CB0A7CC38578D686B7F7F1 /* Debug */,
				111B18647C01125E794C09FB /* Release */,
			);
			defaultConfigurationIsVisible = 0;
			defaultConfigurationName = Debug;
		};
		D0686705B2BDC2391B6BFF83 /* Build configuration list for PBXProject "HookahBoss" */ = {
			isa = XCConfigurationList;
			buildConfigurations = (
				34EAE48FC0974B7B0BF1A8A4 /* Debug */,
				66C4A83B31290D8922B23FC4 /* Release */,
			);
			defaultConfigurationIsVisible = 0;
			defaultConfigurationName = Debug;
		};
/* End XCConfigurationList section */
	};
	rootObject = 4731B5171C68DBF7801EFD41 /* Project object */;
}
