// !$*UTF8*$!
{
	archiveVersion = 1;
	classes = {
	};
	objectVersion = 52;
	objects = {

/* Begin PBXBuildFile section */
		43B0925C2620918900F0A9BF /* AppDelegate.swift in Sources */ = {isa = PBXBuildFile; fileRef = 43B0925B2620918900F0A9BF /* AppDelegate.swift */; };
		43B092652620918C00F0A9BF /* Images.xcassets in Resources */ = {isa = PBXBuildFile; fileRef = 43B092642620918C00F0A9BF /* Images.xcassets */; };
		43B092682620918C00F0A9BF /* LaunchScreen.storyboard in Resources */ = {isa = PBXBuildFile; fileRef = 43B092662620918C00F0A9BF /* LaunchScreen.storyboard */; };
		43B0928A26209C9C00F0A9BF /* Colors.xcassets in Resources */ = {isa = PBXBuildFile; fileRef = 43B0928926209C9C00F0A9BF /* Colors.xcassets */; };
		43B0929126209DAB00F0A9BF /* Localizable.strings in Resources */ = {isa = PBXBuildFile; fileRef = 43B0929326209DAB00F0A9BF /* Localizable.strings */; };
		43B0929526209DAD00F0A9BF /* Localizable.stringsdict in Resources */ = {isa = PBXBuildFile; fileRef = 43B0929726209DAD00F0A9BF /* Localizable.stringsdict */; };
		43B0929C26209DBD00F0A9BF /* Localizations.swift in Sources */ = {isa = PBXBuildFile; fileRef = 43B0929926209DBD00F0A9BF /* Localizations.swift */; };
		43B0929D26209DBD00F0A9BF /* Colors.swift in Sources */ = {isa = PBXBuildFile; fileRef = 43B0929A26209DBD00F0A9BF /* Colors.swift */; };
		43B0929E26209DBD00F0A9BF /* Images.swift in Sources */ = {isa = PBXBuildFile; fileRef = 43B0929B26209DBD00F0A9BF /* Images.swift */; };
		43B092B126209FE100F0A9BF /* MainCoordinator.swift in Sources */ = {isa = PBXBuildFile; fileRef = 43B092B026209FE100F0A9BF /* MainCoordinator.swift */; };
		43B092B62620A05800F0A9BF /* LaunchScreenViewController.swift in Sources */ = {isa = PBXBuildFile; fileRef = 43B092B52620A05800F0A9BF /* LaunchScreenViewController.swift */; };
		43B092BD2620A1C600F0A9BF /* Coordinator.swift in Sources */ = {isa = PBXBuildFile; fileRef = 43B092BC2620A1C600F0A9BF /* Coordinator.swift */; };
		43B092C22620A28C00F0A9BF /* MixCoordinator.swift in Sources */ = {isa = PBXBuildFile; fileRef = 43B092C12620A28C00F0A9BF /* MixCoordinator.swift */; };
		43B092C52620A2BD00F0A9BF /* MixFeedViewController.swift in Sources */ = {isa = PBXBuildFile; fileRef = 43B092C42620A2BD00F0A9BF /* MixFeedViewController.swift */; };
		43B092C82620A2C600F0A9BF /* MixFeedViewModel.swift in Sources */ = {isa = PBXBuildFile; fileRef = 43B092C72620A2C600F0A9BF /* MixFeedViewModel.swift */; };
		43B092D82620A8BE00F0A9BF /* SnapKit in Frameworks */ = {isa = PBXBuildFile; productRef = 43B092D72620A8BE00F0A9BF /* SnapKit */; };
		43B092DC2620A8D700F0A9BF /* Kingfisher in Frameworks */ = {isa = PBXBuildFile; productRef = 43B092DB2620A8D700F0A9BF /* Kingfisher */; };
/* End PBXBuildFile section */

/* Begin PBXFileReference section */
		43B092582620918900F0A9BF /* HookahBoss.app */ = {isa = PBXFileReference; explicitFileType = wrapper.application; includeInIndex = 0; path = HookahBoss.app; sourceTree = BUILT_PRODUCTS_DIR; };
		43B0925B2620918900F0A9BF /* AppDelegate.swift */ = {isa = PBXFileReference; lastKnownFileType = sourcecode.swift; path = AppDelegate.swift; sourceTree = "<group>"; };
		43B092642620918C00F0A9BF /* Images.xcassets */ = {isa = PBXFileReference; lastKnownFileType = folder.assetcatalog; path = Images.xcassets; sourceTree = "<group>"; };
		43B092672620918C00F0A9BF /* Base */ = {isa = PBXFileReference; lastKnownFileType = file.storyboard; name = Base; path = Base.lproj/LaunchScreen.storyboard; sourceTree = "<group>"; };
		43B092692620918C00F0A9BF /* Info.plist */ = {isa = PBXFileReference; lastKnownFileType = text.plist.xml; path = Info.plist; sourceTree = "<group>"; };
		43B0928926209C9C00F0A9BF /* Colors.xcassets */ = {isa = PBXFileReference; lastKnownFileType = folder.assetcatalog; path = Colors.xcassets; sourceTree = "<group>"; };
		43B0929226209DAB00F0A9BF /* ru */ = {isa = PBXFileReference; lastKnownFileType = text.plist.strings; name = ru; path = ru.lproj/Localizable.strings; sourceTree = "<group>"; };
		43B0929626209DAD00F0A9BF /* ru */ = {isa = PBXFileReference; lastKnownFileType = text.plist.stringsdict; name = ru; path = ru.lproj/Localizable.stringsdict; sourceTree = "<group>"; };
		43B0929926209DBD00F0A9BF /* Localizations.swift */ = {isa = PBXFileReference; fileEncoding = 4; lastKnownFileType = sourcecode.swift; path = Localizations.swift; sourceTree = "<group>"; };
		43B0929A26209DBD00F0A9BF /* Colors.swift */ = {isa = PBXFileReference; fileEncoding = 4; lastKnownFileType = sourcecode.swift; path = Colors.swift; sourceTree = "<group>"; };
		43B0929B26209DBD00F0A9BF /* Images.swift */ = {isa = PBXFileReference; fileEncoding = 4; lastKnownFileType = sourcecode.swift; path = Images.swift; sourceTree = "<group>"; };
		43B092B026209FE100F0A9BF /* MainCoordinator.swift */ = {isa = PBXFileReference; lastKnownFileType = sourcecode.swift; path = MainCoordinator.swift; sourceTree = "<group>"; };
		43B092B52620A05800F0A9BF /* LaunchScreenViewController.swift */ = {isa = PBXFileReference; lastKnownFileType = sourcecode.swift; path = LaunchScreenViewController.swift; sourceTree = "<group>"; };
		43B092BC2620A1C600F0A9BF /* Coordinator.swift */ = {isa = PBXFileReference; lastKnownFileType = sourcecode.swift; path = Coordinator.swift; sourceTree = "<group>"; };
		43B092C12620A28C00F0A9BF /* MixCoordinator.swift */ = {isa = PBXFileReference; lastKnownFileType = sourcecode.swift; path = MixCoordinator.swift; sourceTree = "<group>"; };
		43B092C42620A2BD00F0A9BF /* MixFeedViewController.swift */ = {isa = PBXFileReference; lastKnownFileType = sourcecode.swift; path = MixFeedViewController.swift; sourceTree = "<group>"; };
		43B092C72620A2C600F0A9BF /* MixFeedViewModel.swift */ = {isa = PBXFileReference; lastKnownFileType = sourcecode.swift; path = MixFeedViewModel.swift; sourceTree = "<group>"; };
/* End PBXFileReference section */

/* Begin PBXFrameworksBuildPhase section */
		43B092552620918900F0A9BF /* Frameworks */ = {
			isa = PBXFrameworksBuildPhase;
			buildActionMask = 2147483647;
			files = (
				43B092DC2620A8D700F0A9BF /* Kingfisher in Frameworks */,
				43B092D82620A8BE00F0A9BF /* SnapKit in Frameworks */,
			);
			runOnlyForDeploymentPostprocessing = 0;
		};
/* End PBXFrameworksBuildPhase section */

/* Begin PBXGroup section */
		43B0924F2620918900F0A9BF = {
			isa = PBXGroup;
			children = (
				43B0925A2620918900F0A9BF /* HookahBoss */,
				43B092592620918900F0A9BF /* Products */,
			);
			sourceTree = "<group>";
		};
		43B092592620918900F0A9BF /* Products */ = {
			isa = PBXGroup;
			children = (
				43B092582620918900F0A9BF /* HookahBoss.app */,
			);
			name = Products;
			sourceTree = "<group>";
		};
		43B0925A2620918900F0A9BF /* HookahBoss */ = {
			isa = PBXGroup;
			children = (
				43B092A326209F3300F0A9BF /* Application */,
				43B092A726209F4C00F0A9BF /* Common */,
				43B092A426209F3A00F0A9BF /* Flows */,
				43B092A526209F4000F0A9BF /* Models */,
				43B0927E26209C2400F0A9BF /* Resources */,
				43B092A626209F4600F0A9BF /* Services */,
			);
			path = HookahBoss;
			sourceTree = "<group>";
		};
		43B0927E26209C2400F0A9BF /* Resources */ = {
			isa = PBXGroup;
			children = (
				43B0928126209C3A00F0A9BF /* Assets */,
				43B0927F26209C2E00F0A9BF /* Configurations */,
				43B0928226209C4000F0A9BF /* Generated */,
				43B0928026209C3400F0A9BF /* Localizable */,
			);
			path = Resources;
			sourceTree = "<group>";
		};
		43B0927F26209C2E00F0A9BF /* Configurations */ = {
			isa = PBXGroup;
			children = (
				43B092692620918C00F0A9BF /* Info.plist */,
			);
			path = Configurations;
			sourceTree = "<group>";
		};
		43B0928026209C3400F0A9BF /* Localizable */ = {
			isa = PBXGroup;
			children = (
				43B0929326209DAB00F0A9BF /* Localizable.strings */,
				43B0929726209DAD00F0A9BF /* Localizable.stringsdict */,
			);
			path = Localizable;
			sourceTree = "<group>";
		};
		43B0928126209C3A00F0A9BF /* Assets */ = {
			isa = PBXGroup;
			children = (
				43B092642620918C00F0A9BF /* Images.xcassets */,
				43B0928926209C9C00F0A9BF /* Colors.xcassets */,
			);
			path = Assets;
			sourceTree = "<group>";
		};
		43B0928226209C4000F0A9BF /* Generated */ = {
			isa = PBXGroup;
			children = (
				43B0929A26209DBD00F0A9BF /* Colors.swift */,
				43B0929B26209DBD00F0A9BF /* Images.swift */,
				43B0929926209DBD00F0A9BF /* Localizations.swift */,
			);
			path = Generated;
			sourceTree = "<group>";
		};
		43B092A326209F3300F0A9BF /* Application */ = {
			isa = PBXGroup;
			children = (
				43B0925B2620918900F0A9BF /* AppDelegate.swift */,
			);
			path = Application;
			sourceTree = "<group>";
		};
		43B092A426209F3A00F0A9BF /* Flows */ = {
			isa = PBXGroup;
			children = (
				43B092BF2620A25200F0A9BF /* Mix */,
				43B092AF26209FCE00F0A9BF /* Main */,
			);
			path = Flows;
			sourceTree = "<group>";
		};
		43B092A526209F4000F0A9BF /* Models */ = {
			isa = PBXGroup;
			children = (
			);
			path = Models;
			sourceTree = "<group>";
		};
		43B092A626209F4600F0A9BF /* Services */ = {
			isa = PBXGroup;
			children = (
			);
			path = Services;
			sourceTree = "<group>";
		};
		43B092A726209F4C00F0A9BF /* Common */ = {
			isa = PBXGroup;
			children = (
				43B092AB26209F7100F0A9BF /* UtilityType */,
				43B092AA26209F6600F0A9BF /* Helpers */,
				43B092A926209F5B00F0A9BF /* Views */,
				43B092A826209F5500F0A9BF /* Extensions */,
			);
			path = Common;
			sourceTree = "<group>";
		};
		43B092A826209F5500F0A9BF /* Extensions */ = {
			isa = PBXGroup;
			children = (
				43B092AE26209F8B00F0A9BF /* Foundation */,
				43B092AD26209F8400F0A9BF /* UIKit */,
				43B092AC26209F7D00F0A9BF /* Combine */,
			);
			path = Extensions;
			sourceTree = "<group>";
		};
		43B092A926209F5B00F0A9BF /* Views */ = {
			isa = PBXGroup;
			children = (
			);
			path = Views;
			sourceTree = "<group>";
		};
		43B092AA26209F6600F0A9BF /* Helpers */ = {
			isa = PBXGroup;
			children = (
				43B092BC2620A1C600F0A9BF /* Coordinator.swift */,
			);
			path = Helpers;
			sourceTree = "<group>";
		};
		43B092AB26209F7100F0A9BF /* UtilityType */ = {
			isa = PBXGroup;
			children = (
			);
			path = UtilityType;
			sourceTree = "<group>";
		};
		43B092AC26209F7D00F0A9BF /* Combine */ = {
			isa = PBXGroup;
			children = (
			);
			path = Combine;
			sourceTree = "<group>";
		};
		43B092AD26209F8400F0A9BF /* UIKit */ = {
			isa = PBXGroup;
			children = (
			);
			path = UIKit;
			sourceTree = "<group>";
		};
		43B092AE26209F8B00F0A9BF /* Foundation */ = {
			isa = PBXGroup;
			children = (
			);
			path = Foundation;
			sourceTree = "<group>";
		};
		43B092AF26209FCE00F0A9BF /* Main */ = {
			isa = PBXGroup;
			children = (
				43B092B42620A04D00F0A9BF /* LaunchScreen */,
				43B092B026209FE100F0A9BF /* MainCoordinator.swift */,
			);
			path = Main;
			sourceTree = "<group>";
		};
		43B092B42620A04D00F0A9BF /* LaunchScreen */ = {
			isa = PBXGroup;
			children = (
				43B092662620918C00F0A9BF /* LaunchScreen.storyboard */,
				43B092B52620A05800F0A9BF /* LaunchScreenViewController.swift */,
			);
			path = LaunchScreen;
			sourceTree = "<group>";
		};
		43B092BF2620A25200F0A9BF /* Mix */ = {
			isa = PBXGroup;
			children = (
				43B092C12620A28C00F0A9BF /* MixCoordinator.swift */,
				43B092CA2620A2CC00F0A9BF /* MixFeed */,
			);
			path = Mix;
			sourceTree = "<group>";
		};
		43B092CA2620A2CC00F0A9BF /* MixFeed */ = {
			isa = PBXGroup;
			children = (
				43B092C42620A2BD00F0A9BF /* MixFeedViewController.swift */,
				43B092C72620A2C600F0A9BF /* MixFeedViewModel.swift */,
			);
			path = MixFeed;
			sourceTree = "<group>";
		};
/* End PBXGroup section */

/* Begin PBXNativeTarget section */
		43B092572620918900F0A9BF /* HookahBoss */ = {
			isa = PBXNativeTarget;
			buildConfigurationList = 43B0926C2620918C00F0A9BF /* Build configuration list for PBXNativeTarget "HookahBoss" */;
			buildPhases = (
				43B0928D26209CEE00F0A9BF /* Run SwiftGen */,
				43B092542620918900F0A9BF /* Sources */,
				43B092552620918900F0A9BF /* Frameworks */,
				43B092562620918900F0A9BF /* Resources */,
				43B09273262097E400F0A9BF /* Run SwiftLint */,
			);
			buildRules = (
			);
			dependencies = (
			);
			name = HookahBoss;
			packageProductDependencies = (
				43B092D72620A8BE00F0A9BF /* SnapKit */,
				43B092DB2620A8D700F0A9BF /* Kingfisher */,
			);
			productName = HookahBoss;
			productReference = 43B092582620918900F0A9BF /* HookahBoss.app */;
			productType = "com.apple.product-type.application";
		};
/* End PBXNativeTarget section */

/* Begin PBXProject section */
		43B092502620918900F0A9BF /* Project object */ = {
			isa = PBXProject;
			attributes = {
				LastSwiftUpdateCheck = 1240;
				LastUpgradeCheck = 1240;
				TargetAttributes = {
					43B092572620918900F0A9BF = {
						CreatedOnToolsVersion = 12.4;
					};
				};
			};
			buildConfigurationList = 43B092532620918900F0A9BF /* Build configuration list for PBXProject "HookahBoss" */;
			compatibilityVersion = "Xcode 9.3";
			developmentRegion = ru;
			hasScannedForEncodings = 0;
			knownRegions = (
				ru,
				Base,
			);
			mainGroup = 43B0924F2620918900F0A9BF;
			packageReferences = (
				43B092D62620A8BE00F0A9BF /* XCRemoteSwiftPackageReference "SnapKit" */,
				43B092DA2620A8D700F0A9BF /* XCRemoteSwiftPackageReference "Kingfisher" */,
			);
			productRefGroup = 43B092592620918900F0A9BF /* Products */;
			projectDirPath = "";
			projectRoot = "";
			targets = (
				43B092572620918900F0A9BF /* HookahBoss */,
			);
		};
/* End PBXProject section */

/* Begin PBXResourcesBuildPhase section */
		43B092562620918900F0A9BF /* Resources */ = {
			isa = PBXResourcesBuildPhase;
			buildActionMask = 2147483647;
			files = (
				43B0928A26209C9C00F0A9BF /* Colors.xcassets in Resources */,
				43B092682620918C00F0A9BF /* LaunchScreen.storyboard in Resources */,
				43B0929526209DAD00F0A9BF /* Localizable.stringsdict in Resources */,
				43B0929126209DAB00F0A9BF /* Localizable.strings in Resources */,
				43B092652620918C00F0A9BF /* Images.xcassets in Resources */,
			);
			runOnlyForDeploymentPostprocessing = 0;
		};
/* End PBXResourcesBuildPhase section */

/* Begin PBXShellScriptBuildPhase section */
		43B09273262097E400F0A9BF /* Run SwiftLint */ = {
			isa = PBXShellScriptBuildPhase;
			buildActionMask = 2147483647;
			files = (
			);
			inputFileListPaths = (
			);
			inputPaths = (
			);
			name = "Run SwiftLint";
			outputFileListPaths = (
			);
			outputPaths = (
			);
			runOnlyForDeploymentPostprocessing = 0;
			shellPath = /bin/sh;
			shellScript = "if which swiftlint >/dev/null; then\nswiftlint\nelse\necho \"error: SwiftLint does not exist, download it from https://github.com/realm/SwiftLint\"\nexit 1\nfi\n";
		};
		43B0928D26209CEE00F0A9BF /* Run SwiftGen */ = {
			isa = PBXShellScriptBuildPhase;
			buildActionMask = 2147483647;
			files = (
			);
			inputFileListPaths = (
			);
			inputPaths = (
				"$(SRCROOT)/SwiftGen/swiftgen.yml",
				"$(SRCROOT)/HookahBoss/Resources/Assets/Images.xcassets",
				"$(SRCROOT)/HookahBoss/Resources/Assets/Colors.xcassets",
				"$(SRCROOT)/HookahBoss/Resources/Localizable/ru.lproj/Localizable.stringsdict",
				"$(SRCROOT)/HookahBoss/Resources/Localizable/ru.lproj/Localizable.strings",
			);
			name = "Run SwiftGen";
			outputFileListPaths = (
			);
			outputPaths = (
				"$(SRCROOT)/HookahBoss/Resources/Generated/Localizations.swift",
				"$(SRCROOT)/HookahBoss/Resources/Generated/Assets.swift",
				"$(SRCROOT)/HookahBoss/Resources/Generated/Colors.swift",
			);
			runOnlyForDeploymentPostprocessing = 0;
			shellPath = /bin/sh;
			shellScript = "if which swiftgen >/dev/null; then\n  cd SwiftGen\n  swiftgen\nelse\n  echo \"warning: SwiftGen not installed, download it from https://github.com/SwiftGen/SwiftGen\"\nfi\n";
		};
/* End PBXShellScriptBuildPhase section */

/* Begin PBXSourcesBuildPhase section */
		43B092542620918900F0A9BF /* Sources */ = {
			isa = PBXSourcesBuildPhase;
			buildActionMask = 2147483647;
			files = (
				43B092BD2620A1C600F0A9BF /* Coordinator.swift in Sources */,
				43B0929C26209DBD00F0A9BF /* Localizations.swift in Sources */,
				43B0929E26209DBD00F0A9BF /* Images.swift in Sources */,
				43B0929D26209DBD00F0A9BF /* Colors.swift in Sources */,
				43B092B126209FE100F0A9BF /* MainCoordinator.swift in Sources */,
				43B092B62620A05800F0A9BF /* LaunchScreenViewController.swift in Sources */,
				43B092C82620A2C600F0A9BF /* MixFeedViewModel.swift in Sources */,
				43B092C52620A2BD00F0A9BF /* MixFeedViewController.swift in Sources */,
				43B092C22620A28C00F0A9BF /* MixCoordinator.swift in Sources */,
				43B0925C2620918900F0A9BF /* AppDelegate.swift in Sources */,
			);
			runOnlyForDeploymentPostprocessing = 0;
		};
/* End PBXSourcesBuildPhase section */

/* Begin PBXVariantGroup section */
		43B092662620918C00F0A9BF /* LaunchScreen.storyboard */ = {
			isa = PBXVariantGroup;
			children = (
				43B092672620918C00F0A9BF /* Base */,
			);
			name = LaunchScreen.storyboard;
			sourceTree = "<group>";
		};
		43B0929326209DAB00F0A9BF /* Localizable.strings */ = {
			isa = PBXVariantGroup;
			children = (
				43B0929226209DAB00F0A9BF /* ru */,
			);
			name = Localizable.strings;
			sourceTree = "<group>";
		};
		43B0929726209DAD00F0A9BF /* Localizable.stringsdict */ = {
			isa = PBXVariantGroup;
			children = (
				43B0929626209DAD00F0A9BF /* ru */,
			);
			name = Localizable.stringsdict;
			sourceTree = "<group>";
		};
/* End PBXVariantGroup section */

/* Begin XCBuildConfiguration section */
		43B0926A2620918C00F0A9BF /* Debug */ = {
			isa = XCBuildConfiguration;
			buildSettings = {
				ALWAYS_SEARCH_USER_PATHS = NO;
				CLANG_ANALYZER_NONNULL = YES;
				CLANG_ANALYZER_NUMBER_OBJECT_CONVERSION = YES_AGGRESSIVE;
				CLANG_CXX_LANGUAGE_STANDARD = "gnu++14";
				CLANG_CXX_LIBRARY = "libc++";
				CLANG_ENABLE_MODULES = YES;
				CLANG_ENABLE_OBJC_ARC = YES;
				CLANG_ENABLE_OBJC_WEAK = YES;
				CLANG_WARN_BLOCK_CAPTURE_AUTORELEASING = YES;
				CLANG_WARN_BOOL_CONVERSION = YES;
				CLANG_WARN_COMMA = YES;
				CLANG_WARN_CONSTANT_CONVERSION = YES;
				CLANG_WARN_DEPRECATED_OBJC_IMPLEMENTATIONS = YES;
				CLANG_WARN_DIRECT_OBJC_ISA_USAGE = YES_ERROR;
				CLANG_WARN_DOCUMENTATION_COMMENTS = YES;
				CLANG_WARN_EMPTY_BODY = YES;
				CLANG_WARN_ENUM_CONVERSION = YES;
				CLANG_WARN_INFINITE_RECURSION = YES;
				CLANG_WARN_INT_CONVERSION = YES;
				CLANG_WARN_NON_LITERAL_NULL_CONVERSION = YES;
				CLANG_WARN_OBJC_IMPLICIT_RETAIN_SELF = YES;
				CLANG_WARN_OBJC_LITERAL_CONVERSION = YES;
				CLANG_WARN_OBJC_ROOT_CLASS = YES_ERROR;
				CLANG_WARN_QUOTED_INCLUDE_IN_FRAMEWORK_HEADER = YES;
				CLANG_WARN_RANGE_LOOP_ANALYSIS = YES;
				CLANG_WARN_STRICT_PROTOTYPES = YES;
				CLANG_WARN_SUSPICIOUS_MOVE = YES;
				CLANG_WARN_UNGUARDED_AVAILABILITY = YES_AGGRESSIVE;
				CLANG_WARN_UNREACHABLE_CODE = YES;
				CLANG_WARN__DUPLICATE_METHOD_MATCH = YES;
				COPY_PHASE_STRIP = NO;
				DEBUG_INFORMATION_FORMAT = dwarf;
				ENABLE_STRICT_OBJC_MSGSEND = YES;
				ENABLE_TESTABILITY = YES;
				GCC_C_LANGUAGE_STANDARD = gnu11;
				GCC_DYNAMIC_NO_PIC = NO;
				GCC_NO_COMMON_BLOCKS = YES;
				GCC_OPTIMIZATION_LEVEL = 0;
				GCC_PREPROCESSOR_DEFINITIONS = (
					"DEBUG=1",
					"$(inherited)",
				);
				GCC_WARN_64_TO_32_BIT_CONVERSION = YES;
				GCC_WARN_ABOUT_RETURN_TYPE = YES_ERROR;
				GCC_WARN_UNDECLARED_SELECTOR = YES;
				GCC_WARN_UNINITIALIZED_AUTOS = YES_AGGRESSIVE;
				GCC_WARN_UNUSED_FUNCTION = YES;
				GCC_WARN_UNUSED_VARIABLE = YES;
				IPHONEOS_DEPLOYMENT_TARGET = 14.4;
				MTL_ENABLE_DEBUG_INFO = INCLUDE_SOURCE;
				MTL_FAST_MATH = YES;
				ONLY_ACTIVE_ARCH = YES;
				SDKROOT = iphoneos;
				SWIFT_ACTIVE_COMPILATION_CONDITIONS = DEBUG;
				SWIFT_OPTIMIZATION_LEVEL = "-Onone";
			};
			name = Debug;
		};
		43B0926B2620918C00F0A9BF /* Release */ = {
			isa = XCBuildConfiguration;
			buildSettings = {
				ALWAYS_SEARCH_USER_PATHS = NO;
				CLANG_ANALYZER_NONNULL = YES;
				CLANG_ANALYZER_NUMBER_OBJECT_CONVERSION = YES_AGGRESSIVE;
				CLANG_CXX_LANGUAGE_STANDARD = "gnu++14";
				CLANG_CXX_LIBRARY = "libc++";
				CLANG_ENABLE_MODULES = YES;
				CLANG_ENABLE_OBJC_ARC = YES;
				CLANG_ENABLE_OBJC_WEAK = YES;
				CLANG_WARN_BLOCK_CAPTURE_AUTORELEASING = YES;
				CLANG_WARN_BOOL_CONVERSION = YES;
				CLANG_WARN_COMMA = YES;
				CLANG_WARN_CONSTANT_CONVERSION = YES;
				CLANG_WARN_DEPRECATED_OBJC_IMPLEMENTATIONS = YES;
				CLANG_WARN_DIRECT_OBJC_ISA_USAGE = YES_ERROR;
				CLANG_WARN_DOCUMENTATION_COMMENTS = YES;
				CLANG_WARN_EMPTY_BODY = YES;
				CLANG_WARN_ENUM_CONVERSION = YES;
				CLANG_WARN_INFINITE_RECURSION = YES;
				CLANG_WARN_INT_CONVERSION = YES;
				CLANG_WARN_NON_LITERAL_NULL_CONVERSION = YES;
				CLANG_WARN_OBJC_IMPLICIT_RETAIN_SELF = YES;
				CLANG_WARN_OBJC_LITERAL_CONVERSION = YES;
				CLANG_WARN_OBJC_ROOT_CLASS = YES_ERROR;
				CLANG_WARN_QUOTED_INCLUDE_IN_FRAMEWORK_HEADER = YES;
				CLANG_WARN_RANGE_LOOP_ANALYSIS = YES;
				CLANG_WARN_STRICT_PROTOTYPES = YES;
				CLANG_WARN_SUSPICIOUS_MOVE = YES;
				CLANG_WARN_UNGUARDED_AVAILABILITY = YES_AGGRESSIVE;
				CLANG_WARN_UNREACHABLE_CODE = YES;
				CLANG_WARN__DUPLICATE_METHOD_MATCH = YES;
				COPY_PHASE_STRIP = NO;
				DEBUG_INFORMATION_FORMAT = "dwarf-with-dsym";
				ENABLE_NS_ASSERTIONS = NO;
				ENABLE_STRICT_OBJC_MSGSEND = YES;
				GCC_C_LANGUAGE_STANDARD = gnu11;
				GCC_NO_COMMON_BLOCKS = YES;
				GCC_WARN_64_TO_32_BIT_CONVERSION = YES;
				GCC_WARN_ABOUT_RETURN_TYPE = YES_ERROR;
				GCC_WARN_UNDECLARED_SELECTOR = YES;
				GCC_WARN_UNINITIALIZED_AUTOS = YES_AGGRESSIVE;
				GCC_WARN_UNUSED_FUNCTION = YES;
				GCC_WARN_UNUSED_VARIABLE = YES;
				IPHONEOS_DEPLOYMENT_TARGET = 14.4;
				MTL_ENABLE_DEBUG_INFO = NO;
				MTL_FAST_MATH = YES;
				SDKROOT = iphoneos;
				SWIFT_COMPILATION_MODE = wholemodule;
				SWIFT_OPTIMIZATION_LEVEL = "-O";
				VALIDATE_PRODUCT = YES;
			};
			name = Release;
		};
		43B0926D2620918C00F0A9BF /* Debug */ = {
			isa = XCBuildConfiguration;
			buildSettings = {
				ASSETCATALOG_COMPILER_APPICON_NAME = AppIcon;
				ASSETCATALOG_COMPILER_GLOBAL_ACCENT_COLOR_NAME = AccentColor;
				CODE_SIGN_STYLE = Automatic;
				DEVELOPMENT_TEAM = Q9WXSNT6UT;
				INFOPLIST_FILE = HookahBoss/Resources/Configurations/Info.plist;
				IPHONEOS_DEPLOYMENT_TARGET = 13.0;
				LD_RUNPATH_SEARCH_PATHS = (
					"$(inherited)",
					"@executable_path/Frameworks",
				);
				PRODUCT_BUNDLE_IDENTIFIER = ru.kostyuchenko.HookahBoss;
				PRODUCT_NAME = "$(TARGET_NAME)";
				SWIFT_VERSION = 5.0;
				TARGETED_DEVICE_FAMILY = 1;
			};
			name = Debug;
		};
		43B0926E2620918C00F0A9BF /* Release */ = {
			isa = XCBuildConfiguration;
			buildSettings = {
				ASSETCATALOG_COMPILER_APPICON_NAME = AppIcon;
				ASSETCATALOG_COMPILER_GLOBAL_ACCENT_COLOR_NAME = AccentColor;
				CODE_SIGN_STYLE = Automatic;
				DEVELOPMENT_TEAM = Q9WXSNT6UT;
				INFOPLIST_FILE = HookahBoss/Resources/Configurations/Info.plist;
				IPHONEOS_DEPLOYMENT_TARGET = 13.0;
				LD_RUNPATH_SEARCH_PATHS = (
					"$(inherited)",
					"@executable_path/Frameworks",
				);
				PRODUCT_BUNDLE_IDENTIFIER = ru.kostyuchenko.HookahBoss;
				PRODUCT_NAME = "$(TARGET_NAME)";
				SWIFT_VERSION = 5.0;
				TARGETED_DEVICE_FAMILY = 1;
			};
			name = Release;
		};
/* End XCBuildConfiguration section */

/* Begin XCConfigurationList section */
		43B092532620918900F0A9BF /* Build configuration list for PBXProject "HookahBoss" */ = {
			isa = XCConfigurationList;
			buildConfigurations = (
				43B0926A2620918C00F0A9BF /* Debug */,
				43B0926B2620918C00F0A9BF /* Release */,
			);
			defaultConfigurationIsVisible = 0;
			defaultConfigurationName = Release;
		};
		43B0926C2620918C00F0A9BF /* Build configuration list for PBXNativeTarget "HookahBoss" */ = {
			isa = XCConfigurationList;
			buildConfigurations = (
				43B0926D2620918C00F0A9BF /* Debug */,
				43B0926E2620918C00F0A9BF /* Release */,
			);
			defaultConfigurationIsVisible = 0;
			defaultConfigurationName = Release;
		};
/* End XCConfigurationList section */

/* Begin XCRemoteSwiftPackageReference section */
		43B092D62620A8BE00F0A9BF /* XCRemoteSwiftPackageReference "SnapKit" */ = {
			isa = XCRemoteSwiftPackageReference;
			repositoryURL = "https://github.com/SnapKit/SnapKit";
			requirement = {
				kind = upToNextMajorVersion;
				minimumVersion = 5.0.1;
			};
		};
		43B092DA2620A8D700F0A9BF /* XCRemoteSwiftPackageReference "Kingfisher" */ = {
			isa = XCRemoteSwiftPackageReference;
			repositoryURL = "https://github.com/onevcat/Kingfisher";
			requirement = {
				kind = upToNextMajorVersion;
				minimumVersion = 6.2.1;
			};
		};
/* End XCRemoteSwiftPackageReference section */

/* Begin XCSwiftPackageProductDependency section */
		43B092D72620A8BE00F0A9BF /* SnapKit */ = {
			isa = XCSwiftPackageProductDependency;
			package = 43B092D62620A8BE00F0A9BF /* XCRemoteSwiftPackageReference "SnapKit" */;
			productName = SnapKit;
		};
		43B092DB2620A8D700F0A9BF /* Kingfisher */ = {
			isa = XCSwiftPackageProductDependency;
			package = 43B092DA2620A8D700F0A9BF /* XCRemoteSwiftPackageReference "Kingfisher" */;
			productName = Kingfisher;
		};
/* End XCSwiftPackageProductDependency section */
	};
	rootObject = 43B092502620918900F0A9BF /* Project object */;
}
