// !$*UTF8*$!
{
	archiveVersion = 1;
	classes = {
	};
	objectVersion = 77;
	objects = {

/* Begin PBXBuildFile section */
		028D4DD21B29FED05DD9F268 /* HomeView.swift in Sources */ = {isa = PBXBuildFile; fileRef = CAFC986F8BCCB42AA46AB2FF /* HomeView.swift */; };
		02A1593FCA9C04C10C374F5A /* ViewModelTests.swift in Sources */ = {isa = PBXBuildFile; fileRef = 75AA2FB05D97F196056E9479 /* ViewModelTests.swift */; };
		049A3B54023137373CC567D2 /* CreateMixViewModel.swift in Sources */ = {isa = PBXBuildFile; fileRef = 4A5E22B2A3CDB728AF532055 /* CreateMixViewModel.swift */; };
		073CBA5E69BE67915621140B /* AdminView.swift in Sources */ = {isa = PBXBuildFile; fileRef = 36E373A6EC292FBEE2605084 /* AdminView.swift */; };
		0AE890F5D8D48C45FC7B629D /* AppNavigation.swift in Sources */ = {isa = PBXBuildFile; fileRef = 7DEE4A2B61B7A2BA2986CFDC /* AppNavigation.swift */; };
		13CE85BC5CEF15F94DF5E2A6 /* InventoryMatchViewModelTests.swift in Sources */ = {isa = PBXBuildFile; fileRef = 3B6D2A39633B5381C77B67FE /* InventoryMatchViewModelTests.swift */; };
		1D7A320C349F7A3A904887E1 /* APIClientTests.swift in Sources */ = {isa = PBXBuildFile; fileRef = 100913A2F27529AAB1E908B8 /* APIClientTests.swift */; };
		25DB7F54F0C8A915EB52E328 /* MixCardView.swift in Sources */ = {isa = PBXBuildFile; fileRef = AFF40602924518E5A0ED789B /* MixCardView.swift */; };
		2B845A32C000E6FC55165FDE /* MixCatalogView.swift in Sources */ = {isa = PBXBuildFile; fileRef = 84EADCC4F536849E83D6510C /* MixCatalogView.swift */; };
		2C5B270D9B52892CEE695A62 /* AuthCore.swift in Sources */ = {isa = PBXBuildFile; fileRef = 6136444B1EB2F83FAE642AC7 /* AuthCore.swift */; };
		2E0AB26367BE67888B5971A2 /* CreateMixService.swift in Sources */ = {isa = PBXBuildFile; fileRef = 4A574D504DFB95ED8621C6C4 /* CreateMixService.swift */; };
		2E1A90507FDCC822B351F1E1 /* AccessibilityID.swift in Sources */ = {isa = PBXBuildFile; fileRef = 1DB883D07C6CE1A93A41FF8E /* AccessibilityID.swift */; };
		32FFF8732D5902572BEF335D /* AppTheme.swift in Sources */ = {isa = PBXBuildFile; fileRef = 829D4804A7E16031FD1B4751 /* AppTheme.swift */; };
		3312F1F5EB36195FBBCBCAC2 /* Models.swift in Sources */ = {isa = PBXBuildFile; fileRef = DF84E5F6012A2FFECDFA2728 /* Models.swift */; };
		34BAC78F018DB8F23A97A874 /* AuthGateSheet.swift in Sources */ = {isa = PBXBuildFile; fileRef = DF11E801F22041A5C6213625 /* AuthGateSheet.swift */; };
		352DE4A7E2F06256D03D1BDC /* AssetFiles+Generated.swift in Sources */ = {isa = PBXBuildFile; fileRef = 90A5126A73528390F9A81B56 /* AssetFiles+Generated.swift */; };
		38E8725FCDCFFB526852BE66 /* InventoryMatchViewModel.swift in Sources */ = {isa = PBXBuildFile; fileRef = 833E8C3BA51910984F79E91B /* InventoryMatchViewModel.swift */; };
		41E81C52317EA2C6D0A60C27 /* AppConfigBundleTests.swift in Sources */ = {isa = PBXBuildFile; fileRef = 13F8A92337E80121363057B6 /* AppConfigBundleTests.swift */; };
		463E2C51067C84A15A89C988 /* AppConfig.swift in Sources */ = {isa = PBXBuildFile; fileRef = A0FF5B7C8E2AFAE0E02E44B7 /* AppConfig.swift */; };
		48C94932CDD2136BBA58CBC7 /* MixCatalogViewModel.swift in Sources */ = {isa = PBXBuildFile; fileRef = 46FEC92E821993C86A52E0E9 /* MixCatalogViewModel.swift */; };
		4C6CDC672BAAD902CAD869E9 /* article-safety.png in Resources */ = {isa = PBXBuildFile; fileRef = DA58B1825E7190256D991476 /* article-safety.png */; };
		4EE7799D9E41AD16DF0867C6 /* CreateMixViewModelTests.swift in Sources */ = {isa = PBXBuildFile; fileRef = E1E93D044B3A2FF45452A803 /* CreateMixViewModelTests.swift */; };
		544FF3E6161E3CA767B138A2 /* PublicContentStore.swift in Sources */ = {isa = PBXBuildFile; fileRef = 0F88CC744CBECA92BF79D364 /* PublicContentStore.swift */; };
		54A305598A634E2E58F5D2E5 /* HomeViewModel.swift in Sources */ = {isa = PBXBuildFile; fileRef = F8EF25772CC80FA88AED61BF /* HomeViewModel.swift */; };
		557D09920AB9C84DA342072C /* MixDetailView.swift in Sources */ = {isa = PBXBuildFile; fileRef = 6BBD84C465E26424376F085E /* MixDetailView.swift */; };
		5633E031461416873B56F7FC /* CollectionViewModel.swift in Sources */ = {isa = PBXBuildFile; fileRef = CD2D0E92C635CF2B136AA426 /* CollectionViewModel.swift */; };
		5767B20BC33B4C4CD4B76320 /* MixFilterView.swift in Sources */ = {isa = PBXBuildFile; fileRef = 3584771B70B7832E7425FF4F /* MixFilterView.swift */; };
		586F6CC8B100A81E15BDA82E /* UserDefaultsStore.swift in Sources */ = {isa = PBXBuildFile; fileRef = F087E9FC9D6F898F0CFC97BF /* UserDefaultsStore.swift */; };
		597823E8523527A8F78AE109 /* PercentageDistributorTests.swift in Sources */ = {isa = PBXBuildFile; fileRef = 253CBF0B6EA27809C578D5BB /* PercentageDistributorTests.swift */; };
		5FFF0353822073672BDBE844 /* Localizable.strings in Resources */ = {isa = PBXBuildFile; fileRef = 8675E265D401B6B94A63264C /* Localizable.strings */; };
		659C75CF9CF779B149E3C67F /* ArtworkResource.swift in Sources */ = {isa = PBXBuildFile; fileRef = 119DA1E78F66B6CC7847CAAF /* ArtworkResource.swift */; };
		665BFA0C91E7957A378E799F /* CollectionService.swift in Sources */ = {isa = PBXBuildFile; fileRef = 00EC6CAEBF55C5D79D3E95FE /* CollectionService.swift */; };
		694B782E2A90C557B0C74AE6 /* AppNavigationTests.swift in Sources */ = {isa = PBXBuildFile; fileRef = 3F7189FB3C3D31DB955A5083 /* AppNavigationTests.swift */; };
		6A50D577D1FF4A5CB0636899 /* APIClient.swift in Sources */ = {isa = PBXBuildFile; fileRef = ECAE1325323F5D7B25112F28 /* APIClient.swift */; };
		6D011472AAC19B37A0A87865 /* ArticleModels.swift in Sources */ = {isa = PBXBuildFile; fileRef = A726A9DB9E1A0E9C01C1EBF7 /* ArticleModels.swift */; };
		73FE132225C72CF56E019EBF /* AppThemeTests.swift in Sources */ = {isa = PBXBuildFile; fileRef = 41B0A07B24FE09EC87E8B92A /* AppThemeTests.swift */; };
		7A09DDC55A6C78D43D410EE5 /* article-care.png in Resources */ = {isa = PBXBuildFile; fileRef = FBB6F570327B24FD2C57EC8A /* article-care.png */; };
		7B9EAC9EFABC2D621C850A8E /* HookahBossApp.swift in Sources */ = {isa = PBXBuildFile; fileRef = 7FE7C8EEC2E40E3E8857E54F /* HookahBossApp.swift */; };
		7F0FA9A79BA8A7EC259576B0 /* ArticlesViewModel.swift in Sources */ = {isa = PBXBuildFile; fileRef = ADAB0D37C5965BC60153BD5C /* ArticlesViewModel.swift */; };
		821088405FFDA80604E40FF1 /* article-basics.png in Resources */ = {isa = PBXBuildFile; fileRef = CB54F2E8FB1A4D4486ACCFC9 /* article-basics.png */; };
		8406C5A53BB90ACCF336AA74 /* EntitlementsManifestTests.swift in Sources */ = {isa = PBXBuildFile; fileRef = 99C33E045613DA5752F0DEA1 /* EntitlementsManifestTests.swift */; };
		86BDC4EECCA0B627545C06B3 /* CollectionViewModelTests.swift in Sources */ = {isa = PBXBuildFile; fileRef = BAD76F97A0750BF0B577DACF /* CollectionViewModelTests.swift */; };
		8B49BD3079BBE1A4A1EBC01A /* AdminViewModels.swift in Sources */ = {isa = PBXBuildFile; fileRef = 54050A29F39CA502C52A8E3E /* AdminViewModels.swift */; };
		8C1E5EED5A2AD8494B0AD6CD /* InventoryMatchService.swift in Sources */ = {isa = PBXBuildFile; fileRef = 7D6EAEC1299C3980F91EF7A5 /* InventoryMatchService.swift */; };
		909B77D7BA4A60F34D9DB010 /* AdminFormTests.swift in Sources */ = {isa = PBXBuildFile; fileRef = ADAC2BC48DF65FF26C823ACC /* AdminFormTests.swift */; };
		9622C0264CC8F553EC607C81 /* APIModels.swift in Sources */ = {isa = PBXBuildFile; fileRef = 4391BA4293D835635354ECC3 /* APIModels.swift */; };
		9BFA2438A295F583509467D4 /* article-preparation.png in Resources */ = {isa = PBXBuildFile; fileRef = BEC2340E0101A5547A54BEEB /* article-preparation.png */; };
		9C144A1E2A01D5186E595738 /* SyncSupport.swift in Sources */ = {isa = PBXBuildFile; fileRef = D5C37D3A86A40C45A1C21938 /* SyncSupport.swift */; };
		9F12718AA4130FD834502588 /* SyncSupportTests.swift in Sources */ = {isa = PBXBuildFile; fileRef = 7DF6A6B7CD9E448B18685405 /* SyncSupportTests.swift */; };
		A4482E002BEA5C6C27FB3A04 /* HookahBossSmokeUITests.swift in Sources */ = {isa = PBXBuildFile; fileRef = 9488ED534930A3A1546E4A3C /* HookahBossSmokeUITests.swift */; };
		A5EA514D5627B7C52B6B9BA5 /* PersonalMixModels.swift in Sources */ = {isa = PBXBuildFile; fileRef = 36948AB54137B537BC4CD1D3 /* PersonalMixModels.swift */; };
		A7BF9FEDEE528F83B8801BE2 /* CreateMixModels.swift in Sources */ = {isa = PBXBuildFile; fileRef = 5314F6EBE2CFC20ED024013D /* CreateMixModels.swift */; };
		A9E94D78935F291B796DF4DC /* AdminModels.swift in Sources */ = {isa = PBXBuildFile; fileRef = 0B21A993B08C6A00DBA85F6C /* AdminModels.swift */; };
		AC408DAC745DB3086E915402 /* PersonalMixStore.swift in Sources */ = {isa = PBXBuildFile; fileRef = 50B558D1D48CB04541EC876B /* PersonalMixStore.swift */; };
		ACF28C8573BE1EF4B3C07061 /* AuthGateTests.swift in Sources */ = {isa = PBXBuildFile; fileRef = 65C30FF46F5BBE84C8946607 /* AuthGateTests.swift */; };
		AF9EB31B4DAF2E0AD3F628B3 /* PublicContentStoreTests.swift in Sources */ = {isa = PBXBuildFile; fileRef = EBBCA03EFD6A7C181E736A53 /* PublicContentStoreTests.swift */; };
		B0C56B3402322D6881168B7D /* PrivacyManifestTests.swift in Sources */ = {isa = PBXBuildFile; fileRef = 2ED9A36973AB2B8CF1AA8678 /* PrivacyManifestTests.swift */; };
		B77A68690DD0240583A71CE6 /* AppLocalization.swift in Sources */ = {isa = PBXBuildFile; fileRef = 91EF239986382910AB94A406 /* AppLocalization.swift */; };
		B86ED078A42090172E494942 /* CreateMixView.swift in Sources */ = {isa = PBXBuildFile; fileRef = 689E03403490A3839B1F2699 /* CreateMixView.swift */; };
		B8CA9DE6664B4AEB97044C9D /* mix-berry-citrus.png in Resources */ = {isa = PBXBuildFile; fileRef = F788B13D95F3CC3C22EA61B3 /* mix-berry-citrus.png */; };
		BA83D3E8AC6A0D5DA926DFD7 /* FeatureServices.swift in Sources */ = {isa = PBXBuildFile; fileRef = BE186CF9C6BAC35FD467094B /* FeatureServices.swift */; };
		BB60B1598AA0326D8B96921C /* MixRanking.swift in Sources */ = {isa = PBXBuildFile; fileRef = AD42539F0561C72B2DFE42DB /* MixRanking.swift */; };
		C3DF05F0E0DDEAD31BED1FFE /* mix-tropical.png in Resources */ = {isa = PBXBuildFile; fileRef = 8E5880F89FCBA0671A59B5F4 /* mix-tropical.png */; };
		CA5B4ACFAC94EE2B99986F5C /* ArticlesView.swift in Sources */ = {isa = PBXBuildFile; fileRef = 87AC7BA6F07785FA6539AE5D /* ArticlesView.swift */; };
		D6A3E9A7FD60D45FFDF0B9C2 /* PublicFeatureViewModelTests.swift in Sources */ = {isa = PBXBuildFile; fileRef = 9FA0BCC43C2B3DDECB5E0B2E /* PublicFeatureViewModelTests.swift */; };
		D8FB055B6173422E98B30615 /* MixDetailViewModel.swift in Sources */ = {isa = PBXBuildFile; fileRef = EEE99631AB239A2F87504DCC /* MixDetailViewModel.swift */; };
		DAAA9806F461CDE462EC5324 /* Strings+Generated.swift in Sources */ = {isa = PBXBuildFile; fileRef = 46CFD3FA04FCF9117CEC6C3B /* Strings+Generated.swift */; };
		E0D7420C5C9E8726F7C28431 /* ArchitectureGuardTests.swift in Sources */ = {isa = PBXBuildFile; fileRef = C34CA94F8C3331D5CDF5689A /* ArchitectureGuardTests.swift */; };
		E124F9E8FBFD5F898FB75747 /* CollectionView.swift in Sources */ = {isa = PBXBuildFile; fileRef = 1112A4760EC08908B9693E29 /* CollectionView.swift */; };
		E859C88C2AA809465DCABFC1 /* article-heat.png in Resources */ = {isa = PBXBuildFile; fileRef = B7BBEDCA9D87B225D128E144 /* article-heat.png */; };
		EA7A0E7E5821A8FC679758A3 /* InventoryStore.swift in Sources */ = {isa = PBXBuildFile; fileRef = FC5EF207E47FFCA8B51F972E /* InventoryStore.swift */; };
		EE924C091EAA1A77A6946247 /* PrivacyInfo.xcprivacy in Resources */ = {isa = PBXBuildFile; fileRef = ED7FF428746853C0B1BCCFC5 /* PrivacyInfo.xcprivacy */; };
		EFED39FC19ECAA2015BC7E00 /* CollectionComponents.swift in Sources */ = {isa = PBXBuildFile; fileRef = 3EB4330380900EFED07BB986 /* CollectionComponents.swift */; };
		F16E3E5E7F8D2A3B56D54EB8 /* mix-dessert.png in Resources */ = {isa = PBXBuildFile; fileRef = D17217AD5AC11624E0B1FD62 /* mix-dessert.png */; };
		F3777A49E3E4A68E86BA76A6 /* MixRankingTests.swift in Sources */ = {isa = PBXBuildFile; fileRef = A38D1E4AD9D9508D21BA8DB1 /* MixRankingTests.swift */; };
/* End PBXBuildFile section */

/* Begin PBXContainerItemProxy section */
		56357BD3EA37E6BDCD48E8CA /* PBXContainerItemProxy */ = {
			isa = PBXContainerItemProxy;
			containerPortal = 4731B5171C68DBF7801EFD41 /* Project object */;
			proxyType = 1;
			remoteGlobalIDString = AD965C39EE30BC38BB6EEFB3;
			remoteInfo = HookahBoss;
		};
		9095B90027E641234DA141E3 /* PBXContainerItemProxy */ = {
			isa = PBXContainerItemProxy;
			containerPortal = 4731B5171C68DBF7801EFD41 /* Project object */;
			proxyType = 1;
			remoteGlobalIDString = AD965C39EE30BC38BB6EEFB3;
			remoteInfo = HookahBoss;
		};
/* End PBXContainerItemProxy section */

/* Begin PBXFileReference section */
		00EC6CAEBF55C5D79D3E95FE /* CollectionService.swift */ = {isa = PBXFileReference; lastKnownFileType = sourcecode.swift; path = CollectionService.swift; sourceTree = "<group>"; };
		0B21A993B08C6A00DBA85F6C /* AdminModels.swift */ = {isa = PBXFileReference; lastKnownFileType = sourcecode.swift; path = AdminModels.swift; sourceTree = "<group>"; };
		0F88CC744CBECA92BF79D364 /* PublicContentStore.swift */ = {isa = PBXFileReference; lastKnownFileType = sourcecode.swift; path = PublicContentStore.swift; sourceTree = "<group>"; };
		100913A2F27529AAB1E908B8 /* APIClientTests.swift */ = {isa = PBXFileReference; lastKnownFileType = sourcecode.swift; path = APIClientTests.swift; sourceTree = "<group>"; };
		1112A4760EC08908B9693E29 /* CollectionView.swift */ = {isa = PBXFileReference; lastKnownFileType = sourcecode.swift; path = CollectionView.swift; sourceTree = "<group>"; };
		119DA1E78F66B6CC7847CAAF /* ArtworkResource.swift */ = {isa = PBXFileReference; lastKnownFileType = sourcecode.swift; path = ArtworkResource.swift; sourceTree = "<group>"; };
		13F8A92337E80121363057B6 /* AppConfigBundleTests.swift */ = {isa = PBXFileReference; lastKnownFileType = sourcecode.swift; path = AppConfigBundleTests.swift; sourceTree = "<group>"; };
		1DB883D07C6CE1A93A41FF8E /* AccessibilityID.swift */ = {isa = PBXFileReference; lastKnownFileType = sourcecode.swift; path = AccessibilityID.swift; sourceTree = "<group>"; };
		22E1E83D286572201E1B0766 /* ru */ = {isa = PBXFileReference; lastKnownFileType = text.plist.strings; name = ru; path = ru.lproj/Localizable.strings; sourceTree = "<group>"; };
		253CBF0B6EA27809C578D5BB /* PercentageDistributorTests.swift */ = {isa = PBXFileReference; lastKnownFileType = sourcecode.swift; path = PercentageDistributorTests.swift; sourceTree = "<group>"; };
		2ED9A36973AB2B8CF1AA8678 /* PrivacyManifestTests.swift */ = {isa = PBXFileReference; lastKnownFileType = sourcecode.swift; path = PrivacyManifestTests.swift; sourceTree = "<group>"; };
		3584771B70B7832E7425FF4F /* MixFilterView.swift */ = {isa = PBXFileReference; lastKnownFileType = sourcecode.swift; path = MixFilterView.swift; sourceTree = "<group>"; };
		36948AB54137B537BC4CD1D3 /* PersonalMixModels.swift */ = {isa = PBXFileReference; lastKnownFileType = sourcecode.swift; path = PersonalMixModels.swift; sourceTree = "<group>"; };
		36E373A6EC292FBEE2605084 /* AdminView.swift */ = {isa = PBXFileReference; lastKnownFileType = sourcecode.swift; path = AdminView.swift; sourceTree = "<group>"; };
		3B6D2A39633B5381C77B67FE /* InventoryMatchViewModelTests.swift */ = {isa = PBXFileReference; lastKnownFileType = sourcecode.swift; path = InventoryMatchViewModelTests.swift; sourceTree = "<group>"; };
		3EB4330380900EFED07BB986 /* CollectionComponents.swift */ = {isa = PBXFileReference; lastKnownFileType = sourcecode.swift; path = CollectionComponents.swift; sourceTree = "<group>"; };
		3F7189FB3C3D31DB955A5083 /* AppNavigationTests.swift */ = {isa = PBXFileReference; lastKnownFileType = sourcecode.swift; path = AppNavigationTests.swift; sourceTree = "<group>"; };
		41B0A07B24FE09EC87E8B92A /* AppThemeTests.swift */ = {isa = PBXFileReference; lastKnownFileType = sourcecode.swift; path = AppThemeTests.swift; sourceTree = "<group>"; };
		4391BA4293D835635354ECC3 /* APIModels.swift */ = {isa = PBXFileReference; lastKnownFileType = sourcecode.swift; path = APIModels.swift; sourceTree = "<group>"; };
		46CFD3FA04FCF9117CEC6C3B /* Strings+Generated.swift */ = {isa = PBXFileReference; lastKnownFileType = sourcecode.swift; path = "Strings+Generated.swift"; sourceTree = "<group>"; };
		46FEC92E821993C86A52E0E9 /* MixCatalogViewModel.swift */ = {isa = PBXFileReference; lastKnownFileType = sourcecode.swift; path = MixCatalogViewModel.swift; sourceTree = "<group>"; };
		4A574D504DFB95ED8621C6C4 /* CreateMixService.swift */ = {isa = PBXFileReference; lastKnownFileType = sourcecode.swift; path = CreateMixService.swift; sourceTree = "<group>"; };
		4A5E22B2A3CDB728AF532055 /* CreateMixViewModel.swift */ = {isa = PBXFileReference; lastKnownFileType = sourcecode.swift; path = CreateMixViewModel.swift; sourceTree = "<group>"; };
		50B558D1D48CB04541EC876B /* PersonalMixStore.swift */ = {isa = PBXFileReference; lastKnownFileType = sourcecode.swift; path = PersonalMixStore.swift; sourceTree = "<group>"; };
		5314F6EBE2CFC20ED024013D /* CreateMixModels.swift */ = {isa = PBXFileReference; lastKnownFileType = sourcecode.swift; path = CreateMixModels.swift; sourceTree = "<group>"; };
		54050A29F39CA502C52A8E3E /* AdminViewModels.swift */ = {isa = PBXFileReference; lastKnownFileType = sourcecode.swift; path = AdminViewModels.swift; sourceTree = "<group>"; };
		58098A659657672CC273F18A /* HookahBoss.app */ = {isa = PBXFileReference; includeInIndex = 0; lastKnownFileType = wrapper.application; path = HookahBoss.app; sourceTree = BUILT_PRODUCTS_DIR; };
		6136444B1EB2F83FAE642AC7 /* AuthCore.swift */ = {isa = PBXFileReference; lastKnownFileType = sourcecode.swift; path = AuthCore.swift; sourceTree = "<group>"; };
		6300DE45B08AD5D371275DBF /* HookahBossUITests.xctest */ = {isa = PBXFileReference; includeInIndex = 0; lastKnownFileType = wrapper.cfbundle; path = HookahBossUITests.xctest; sourceTree = BUILT_PRODUCTS_DIR; };
		65C30FF46F5BBE84C8946607 /* AuthGateTests.swift */ = {isa = PBXFileReference; lastKnownFileType = sourcecode.swift; path = AuthGateTests.swift; sourceTree = "<group>"; };
		689E03403490A3839B1F2699 /* CreateMixView.swift */ = {isa = PBXFileReference; lastKnownFileType = sourcecode.swift; path = CreateMixView.swift; sourceTree = "<group>"; };
		6BBD84C465E26424376F085E /* MixDetailView.swift */ = {isa = PBXFileReference; lastKnownFileType = sourcecode.swift; path = MixDetailView.swift; sourceTree = "<group>"; };
		75AA2FB05D97F196056E9479 /* ViewModelTests.swift */ = {isa = PBXFileReference; lastKnownFileType = sourcecode.swift; path = ViewModelTests.swift; sourceTree = "<group>"; };
		7D6EAEC1299C3980F91EF7A5 /* InventoryMatchService.swift */ = {isa = PBXFileReference; lastKnownFileType = sourcecode.swift; path = InventoryMatchService.swift; sourceTree = "<group>"; };
		7DEE4A2B61B7A2BA2986CFDC /* AppNavigation.swift */ = {isa = PBXFileReference; lastKnownFileType = sourcecode.swift; path = AppNavigation.swift; sourceTree = "<group>"; };
		7DF6A6B7CD9E448B18685405 /* SyncSupportTests.swift */ = {isa = PBXFileReference; lastKnownFileType = sourcecode.swift; path = SyncSupportTests.swift; sourceTree = "<group>"; };
		7FE7C8EEC2E40E3E8857E54F /* HookahBossApp.swift */ = {isa = PBXFileReference; lastKnownFileType = sourcecode.swift; path = HookahBossApp.swift; sourceTree = "<group>"; };
		80B72FF7ED3A34DC1068C717 /* en */ = {isa = PBXFileReference; lastKnownFileType = text.plist.strings; name = en; path = en.lproj/Localizable.strings; sourceTree = "<group>"; };
		829D4804A7E16031FD1B4751 /* AppTheme.swift */ = {isa = PBXFileReference; lastKnownFileType = sourcecode.swift; path = AppTheme.swift; sourceTree = "<group>"; };
		833E8C3BA51910984F79E91B /* InventoryMatchViewModel.swift */ = {isa = PBXFileReference; lastKnownFileType = sourcecode.swift; path = InventoryMatchViewModel.swift; sourceTree = "<group>"; };
		84EADCC4F536849E83D6510C /* MixCatalogView.swift */ = {isa = PBXFileReference; lastKnownFileType = sourcecode.swift; path = MixCatalogView.swift; sourceTree = "<group>"; };
		87AC7BA6F07785FA6539AE5D /* ArticlesView.swift */ = {isa = PBXFileReference; lastKnownFileType = sourcecode.swift; path = ArticlesView.swift; sourceTree = "<group>"; };
		8E5880F89FCBA0671A59B5F4 /* mix-tropical.png */ = {isa = PBXFileReference; lastKnownFileType = image.png; path = "mix-tropical.png"; sourceTree = "<group>"; };
		90A5126A73528390F9A81B56 /* AssetFiles+Generated.swift */ = {isa = PBXFileReference; lastKnownFileType = sourcecode.swift; path = "AssetFiles+Generated.swift"; sourceTree = "<group>"; };
		91EF239986382910AB94A406 /* AppLocalization.swift */ = {isa = PBXFileReference; lastKnownFileType = sourcecode.swift; path = AppLocalization.swift; sourceTree = "<group>"; };
		9488ED534930A3A1546E4A3C /* HookahBossSmokeUITests.swift */ = {isa = PBXFileReference; lastKnownFileType = sourcecode.swift; path = HookahBossSmokeUITests.swift; sourceTree = "<group>"; };
		94E0035677F775AB485BFE35 /* HookahBossTests.xctest */ = {isa = PBXFileReference; includeInIndex = 0; lastKnownFileType = wrapper.cfbundle; path = HookahBossTests.xctest; sourceTree = BUILT_PRODUCTS_DIR; };
		99C33E045613DA5752F0DEA1 /* EntitlementsManifestTests.swift */ = {isa = PBXFileReference; lastKnownFileType = sourcecode.swift; path = EntitlementsManifestTests.swift; sourceTree = "<group>"; };
		9FA0BCC43C2B3DDECB5E0B2E /* PublicFeatureViewModelTests.swift */ = {isa = PBXFileReference; lastKnownFileType = sourcecode.swift; path = PublicFeatureViewModelTests.swift; sourceTree = "<group>"; };
		A0FF5B7C8E2AFAE0E02E44B7 /* AppConfig.swift */ = {isa = PBXFileReference; lastKnownFileType = sourcecode.swift; path = AppConfig.swift; sourceTree = "<group>"; };
		A38D1E4AD9D9508D21BA8DB1 /* MixRankingTests.swift */ = {isa = PBXFileReference; lastKnownFileType = sourcecode.swift; path = MixRankingTests.swift; sourceTree = "<group>"; };
		A726A9DB9E1A0E9C01C1EBF7 /* ArticleModels.swift */ = {isa = PBXFileReference; lastKnownFileType = sourcecode.swift; path = ArticleModels.swift; sourceTree = "<group>"; };
		AD42539F0561C72B2DFE42DB /* MixRanking.swift */ = {isa = PBXFileReference; lastKnownFileType = sourcecode.swift; path = MixRanking.swift; sourceTree = "<group>"; };
		ADAB0D37C5965BC60153BD5C /* ArticlesViewModel.swift */ = {isa = PBXFileReference; lastKnownFileType = sourcecode.swift; path = ArticlesViewModel.swift; sourceTree = "<group>"; };
		ADAC2BC48DF65FF26C823ACC /* AdminFormTests.swift */ = {isa = PBXFileReference; lastKnownFileType = sourcecode.swift; path = AdminFormTests.swift; sourceTree = "<group>"; };
		AFF40602924518E5A0ED789B /* MixCardView.swift */ = {isa = PBXFileReference; lastKnownFileType = sourcecode.swift; path = MixCardView.swift; sourceTree = "<group>"; };
		B7BBEDCA9D87B225D128E144 /* article-heat.png */ = {isa = PBXFileReference; lastKnownFileType = image.png; path = "article-heat.png"; sourceTree = "<group>"; };
		BAD76F97A0750BF0B577DACF /* CollectionViewModelTests.swift */ = {isa = PBXFileReference; lastKnownFileType = sourcecode.swift; path = CollectionViewModelTests.swift; sourceTree = "<group>"; };
		BE186CF9C6BAC35FD467094B /* FeatureServices.swift */ = {isa = PBXFileReference; lastKnownFileType = sourcecode.swift; path = FeatureServices.swift; sourceTree = "<group>"; };
		BEC2340E0101A5547A54BEEB /* article-preparation.png */ = {isa = PBXFileReference; lastKnownFileType = image.png; path = "article-preparation.png"; sourceTree = "<group>"; };
		C34CA94F8C3331D5CDF5689A /* ArchitectureGuardTests.swift */ = {isa = PBXFileReference; lastKnownFileType = sourcecode.swift; path = ArchitectureGuardTests.swift; sourceTree = "<group>"; };
		CAFC986F8BCCB42AA46AB2FF /* HomeView.swift */ = {isa = PBXFileReference; lastKnownFileType = sourcecode.swift; path = HomeView.swift; sourceTree = "<group>"; };
		CB54F2E8FB1A4D4486ACCFC9 /* article-basics.png */ = {isa = PBXFileReference; lastKnownFileType = image.png; path = "article-basics.png"; sourceTree = "<group>"; };
		CD2D0E92C635CF2B136AA426 /* CollectionViewModel.swift */ = {isa = PBXFileReference; lastKnownFileType = sourcecode.swift; path = CollectionViewModel.swift; sourceTree = "<group>"; };
		D17217AD5AC11624E0B1FD62 /* mix-dessert.png */ = {isa = PBXFileReference; lastKnownFileType = image.png; path = "mix-dessert.png"; sourceTree = "<group>"; };
		D5C37D3A86A40C45A1C21938 /* SyncSupport.swift */ = {isa = PBXFileReference; lastKnownFileType = sourcecode.swift; path = SyncSupport.swift; sourceTree = "<group>"; };
		DA58B1825E7190256D991476 /* article-safety.png */ = {isa = PBXFileReference; lastKnownFileType = image.png; path = "article-safety.png"; sourceTree = "<group>"; };
		DF11E801F22041A5C6213625 /* AuthGateSheet.swift */ = {isa = PBXFileReference; lastKnownFileType = sourcecode.swift; path = AuthGateSheet.swift; sourceTree = "<group>"; };
		DF84E5F6012A2FFECDFA2728 /* Models.swift */ = {isa = PBXFileReference; lastKnownFileType = sourcecode.swift; path = Models.swift; sourceTree = "<group>"; };
		E1E93D044B3A2FF45452A803 /* CreateMixViewModelTests.swift */ = {isa = PBXFileReference; lastKnownFileType = sourcecode.swift; path = CreateMixViewModelTests.swift; sourceTree = "<group>"; };
		EBBCA03EFD6A7C181E736A53 /* PublicContentStoreTests.swift */ = {isa = PBXFileReference; lastKnownFileType = sourcecode.swift; path = PublicContentStoreTests.swift; sourceTree = "<group>"; };
		ECAE1325323F5D7B25112F28 /* APIClient.swift */ = {isa = PBXFileReference; lastKnownFileType = sourcecode.swift; path = APIClient.swift; sourceTree = "<group>"; };
		ED7FF428746853C0B1BCCFC5 /* PrivacyInfo.xcprivacy */ = {isa = PBXFileReference; path = PrivacyInfo.xcprivacy; sourceTree = "<group>"; };
		EEE99631AB239A2F87504DCC /* MixDetailViewModel.swift */ = {isa = PBXFileReference; lastKnownFileType = sourcecode.swift; path = MixDetailViewModel.swift; sourceTree = "<group>"; };
		F087E9FC9D6F898F0CFC97BF /* UserDefaultsStore.swift */ = {isa = PBXFileReference; lastKnownFileType = sourcecode.swift; path = UserDefaultsStore.swift; sourceTree = "<group>"; };
		F788B13D95F3CC3C22EA61B3 /* mix-berry-citrus.png */ = {isa = PBXFileReference; lastKnownFileType = image.png; path = "mix-berry-citrus.png"; sourceTree = "<group>"; };
		F8EF25772CC80FA88AED61BF /* HomeViewModel.swift */ = {isa = PBXFileReference; lastKnownFileType = sourcecode.swift; path = HomeViewModel.swift; sourceTree = "<group>"; };
		FBB6F570327B24FD2C57EC8A /* article-care.png */ = {isa = PBXFileReference; lastKnownFileType = image.png; path = "article-care.png"; sourceTree = "<group>"; };
		FC5EF207E47FFCA8B51F972E /* InventoryStore.swift */ = {isa = PBXFileReference; lastKnownFileType = sourcecode.swift; path = InventoryStore.swift; sourceTree = "<group>"; };
/* End PBXFileReference section */

/* Begin PBXGroup section */
		1609FB5F867B1C3CA6B4AE27 /* DesignSystem */ = {
			isa = PBXGroup;
			children = (
				829D4804A7E16031FD1B4751 /* AppTheme.swift */,
				119DA1E78F66B6CC7847CAAF /* ArtworkResource.swift */,
			);
			path = DesignSystem;
			sourceTree = "<group>";
		};
		1B5BB2AFA3236C3F16F3049B /* Services */ = {
			isa = PBXGroup;
			children = (
				BE186CF9C6BAC35FD467094B /* FeatureServices.swift */,
				AD42539F0561C72B2DFE42DB /* MixRanking.swift */,
				D5C37D3A86A40C45A1C21938 /* SyncSupport.swift */,
			);
			path = Services;
			sourceTree = "<group>";
		};
		1C052026FC58A0A07EBBAD0D /* Configuration */ = {
			isa = PBXGroup;
			children = (
				ED7FF428746853C0B1BCCFC5 /* PrivacyInfo.xcprivacy */,
			);
			path = Configuration;
			sourceTree = "<group>";
		};
		1D8766A031CD419A57C25A49 /* Collection */ = {
			isa = PBXGroup;
			children = (
				3EB4330380900EFED07BB986 /* CollectionComponents.swift */,
				1112A4760EC08908B9693E29 /* CollectionView.swift */,
				CD2D0E92C635CF2B136AA426 /* CollectionViewModel.swift */,
				833E8C3BA51910984F79E91B /* InventoryMatchViewModel.swift */,
			);
			path = Collection;
			sourceTree = "<group>";
		};
		20E3472688DF880428B1069C /* Localization */ = {
			isa = PBXGroup;
			children = (
				8675E265D401B6B94A63264C /* Localizable.strings */,
			);
			path = Localization;
			sourceTree = "<group>";
		};
		2FB70BABCB96CDF13C2EF19B /* Features */ = {
			isa = PBXGroup;
			children = (
				A8599FA3CA4057EFD4302FCC /* Admin */,
				43ADB384C09FC416D8366901 /* Articles */,
				F991826151156E0E91150A4C /* Auth */,
				1D8766A031CD419A57C25A49 /* Collection */,
				4C6DC08FF8DA601A69B9B196 /* CreateMix */,
				AFD4A29E7DE9EC6E8611054C /* Home */,
				3672805B76AAFC3BEC033EE6 /* Mixes */,
			);
			path = Features;
			sourceTree = "<group>";
		};
		3672805B76AAFC3BEC033EE6 /* Mixes */ = {
			isa = PBXGroup;
			children = (
				AFF40602924518E5A0ED789B /* MixCardView.swift */,
				84EADCC4F536849E83D6510C /* MixCatalogView.swift */,
				46FEC92E821993C86A52E0E9 /* MixCatalogViewModel.swift */,
				6BBD84C465E26424376F085E /* MixDetailView.swift */,
				EEE99631AB239A2F87504DCC /* MixDetailViewModel.swift */,
				3584771B70B7832E7425FF4F /* MixFilterView.swift */,
			);
			path = Mixes;
			sourceTree = "<group>";
		};
		37E7C41CE7F84C6A3E0EC95F /* Domain */ = {
			isa = PBXGroup;
			children = (
				F006A2D7D437D0D9E0BB987E /* Models */,
				1B5BB2AFA3236C3F16F3049B /* Services */,
			);
			path = Domain;
			sourceTree = "<group>";
		};
		3D0B3BFA83079116225E1AF7 /* Accessibility */ = {
			isa = PBXGroup;
			children = (
				1DB883D07C6CE1A93A41FF8E /* AccessibilityID.swift */,
			);
			path = Accessibility;
			sourceTree = "<group>";
		};
		42D59BA942C97B6DAD78F430 /* HookahBossUITests */ = {
			isa = PBXGroup;
			children = (
				9488ED534930A3A1546E4A3C /* HookahBossSmokeUITests.swift */,
			);
			path = HookahBossUITests;
			sourceTree = "<group>";
		};
		43ADB384C09FC416D8366901 /* Articles */ = {
			isa = PBXGroup;
			children = (
				87AC7BA6F07785FA6539AE5D /* ArticlesView.swift */,
				ADAB0D37C5965BC60153BD5C /* ArticlesViewModel.swift */,
			);
			path = Articles;
			sourceTree = "<group>";
		};
		4C6DC08FF8DA601A69B9B196 /* CreateMix */ = {
			isa = PBXGroup;
			children = (
				5314F6EBE2CFC20ED024013D /* CreateMixModels.swift */,
				689E03403490A3839B1F2699 /* CreateMixView.swift */,
				4A5E22B2A3CDB728AF532055 /* CreateMixViewModel.swift */,
			);
			path = CreateMix;
			sourceTree = "<group>";
		};
		5F765107D21AA0955D68A83F /* API */ = {
			isa = PBXGroup;
			children = (
				ECAE1325323F5D7B25112F28 /* APIClient.swift */,
				4391BA4293D835635354ECC3 /* APIModels.swift */,
			);
			path = API;
			sourceTree = "<group>";
		};
		6296979BEC2A85116EB5B1FC /* HookahBossTests */ = {
			isa = PBXGroup;
			children = (
				ADAC2BC48DF65FF26C823ACC /* AdminFormTests.swift */,
				100913A2F27529AAB1E908B8 /* APIClientTests.swift */,
				13F8A92337E80121363057B6 /* AppConfigBundleTests.swift */,
				3F7189FB3C3D31DB955A5083 /* AppNavigationTests.swift */,
				41B0A07B24FE09EC87E8B92A /* AppThemeTests.swift */,
				C34CA94F8C3331D5CDF5689A /* ArchitectureGuardTests.swift */,
				65C30FF46F5BBE84C8946607 /* AuthGateTests.swift */,
				BAD76F97A0750BF0B577DACF /* CollectionViewModelTests.swift */,
				E1E93D044B3A2FF45452A803 /* CreateMixViewModelTests.swift */,
				99C33E045613DA5752F0DEA1 /* EntitlementsManifestTests.swift */,
				3B6D2A39633B5381C77B67FE /* InventoryMatchViewModelTests.swift */,
				A38D1E4AD9D9508D21BA8DB1 /* MixRankingTests.swift */,
				253CBF0B6EA27809C578D5BB /* PercentageDistributorTests.swift */,
				2ED9A36973AB2B8CF1AA8678 /* PrivacyManifestTests.swift */,
				EBBCA03EFD6A7C181E736A53 /* PublicContentStoreTests.swift */,
				9FA0BCC43C2B3DDECB5E0B2E /* PublicFeatureViewModelTests.swift */,
				7DF6A6B7CD9E448B18685405 /* SyncSupportTests.swift */,
				75AA2FB05D97F196056E9479 /* ViewModelTests.swift */,
			);
			path = HookahBossTests;
			sourceTree = "<group>";
		};
		65C0EF25BEFF206689D51D92 /* Localization */ = {
			isa = PBXGroup;
			children = (
				91EF239986382910AB94A406 /* AppLocalization.swift */,
			);
			path = Localization;
			sourceTree = "<group>";
		};
		6750DD7984EE3180A0E21D95 /* HookahBoss */ = {
			isa = PBXGroup;
			children = (
				9C64A21FFEDFC0291A84B82C /* App */,
				EC7C72FF972D81644BCCF3BC /* Core */,
				C5F4B62D9DA855E28D1E2629 /* Data */,
				37E7C41CE7F84C6A3E0EC95F /* Domain */,
				2FB70BABCB96CDF13C2EF19B /* Features */,
				CA420ED2B8A061230C59FDC0 /* Generated */,
				C90C9AD83534012F52C0DD7D /* Resources */,
			);
			path = HookahBoss;
			sourceTree = "<group>";
		};
		820A7D20BC6FF042D400350E /* Auth */ = {
			isa = PBXGroup;
			children = (
				6136444B1EB2F83FAE642AC7 /* AuthCore.swift */,
			);
			path = Auth;
			sourceTree = "<group>";
		};
		8A34103EAE63F66495B062FF /* Artwork */ = {
			isa = PBXGroup;
			children = (
				CB54F2E8FB1A4D4486ACCFC9 /* article-basics.png */,
				FBB6F570327B24FD2C57EC8A /* article-care.png */,
				B7BBEDCA9D87B225D128E144 /* article-heat.png */,
				BEC2340E0101A5547A54BEEB /* article-preparation.png */,
				DA58B1825E7190256D991476 /* article-safety.png */,
				F788B13D95F3CC3C22EA61B3 /* mix-berry-citrus.png */,
				D17217AD5AC11624E0B1FD62 /* mix-dessert.png */,
				8E5880F89FCBA0671A59B5F4 /* mix-tropical.png */,
			);
			path = Artwork;
			sourceTree = "<group>";
		};
		9045B783F139C83B6A7844E1 = {
			isa = PBXGroup;
			children = (
				6750DD7984EE3180A0E21D95 /* HookahBoss */,
				6296979BEC2A85116EB5B1FC /* HookahBossTests */,
				42D59BA942C97B6DAD78F430 /* HookahBossUITests */,
				D43E13AF49B1770B06EF0E17 /* Products */,
			);
			sourceTree = "<group>";
		};
		9C64A21FFEDFC0291A84B82C /* App */ = {
			isa = PBXGroup;
			children = (
				7DEE4A2B61B7A2BA2986CFDC /* AppNavigation.swift */,
				7FE7C8EEC2E40E3E8857E54F /* HookahBossApp.swift */,
				1C052026FC58A0A07EBBAD0D /* Configuration */,
			);
			path = App;
			sourceTree = "<group>";
		};
		A8599FA3CA4057EFD4302FCC /* Admin */ = {
			isa = PBXGroup;
			children = (
				36E373A6EC292FBEE2605084 /* AdminView.swift */,
				54050A29F39CA502C52A8E3E /* AdminViewModels.swift */,
			);
			path = Admin;
			sourceTree = "<group>";
		};
		AFD4A29E7DE9EC6E8611054C /* Home */ = {
			isa = PBXGroup;
			children = (
				CAFC986F8BCCB42AA46AB2FF /* HomeView.swift */,
				F8EF25772CC80FA88AED61BF /* HomeViewModel.swift */,
			);
			path = Home;
			sourceTree = "<group>";
		};
		C5A587EB129173E1B95167ED /* Configuration */ = {
			isa = PBXGroup;
			children = (
				A0FF5B7C8E2AFAE0E02E44B7 /* AppConfig.swift */,
			);
			path = Configuration;
			sourceTree = "<group>";
		};
		C5F4B62D9DA855E28D1E2629 /* Data */ = {
			isa = PBXGroup;
			children = (
				5F765107D21AA0955D68A83F /* API */,
				820A7D20BC6FF042D400350E /* Auth */,
				F75A56E166B7E4467C17AB00 /* Cache */,
				E071B066BF271E3EB901A13A /* Stores */,
			);
			path = Data;
			sourceTree = "<group>";
		};
		C90C9AD83534012F52C0DD7D /* Resources */ = {
			isa = PBXGroup;
			children = (
				8A34103EAE63F66495B062FF /* Artwork */,
				20E3472688DF880428B1069C /* Localization */,
			);
			path = Resources;
			sourceTree = "<group>";
		};
		CA420ED2B8A061230C59FDC0 /* Generated */ = {
			isa = PBXGroup;
			children = (
				90A5126A73528390F9A81B56 /* AssetFiles+Generated.swift */,
				46CFD3FA04FCF9117CEC6C3B /* Strings+Generated.swift */,
			);
			path = Generated;
			sourceTree = "<group>";
		};
		D43E13AF49B1770B06EF0E17 /* Products */ = {
			isa = PBXGroup;
			children = (
				58098A659657672CC273F18A /* HookahBoss.app */,
				94E0035677F775AB485BFE35 /* HookahBossTests.xctest */,
				6300DE45B08AD5D371275DBF /* HookahBossUITests.xctest */,
			);
			name = Products;
			sourceTree = "<group>";
		};
		E071B066BF271E3EB901A13A /* Stores */ = {
			isa = PBXGroup;
			children = (
				00EC6CAEBF55C5D79D3E95FE /* CollectionService.swift */,
				4A574D504DFB95ED8621C6C4 /* CreateMixService.swift */,
				7D6EAEC1299C3980F91EF7A5 /* InventoryMatchService.swift */,
				FC5EF207E47FFCA8B51F972E /* InventoryStore.swift */,
				50B558D1D48CB04541EC876B /* PersonalMixStore.swift */,
				0F88CC744CBECA92BF79D364 /* PublicContentStore.swift */,
			);
			path = Stores;
			sourceTree = "<group>";
		};
		EC7C72FF972D81644BCCF3BC /* Core */ = {
			isa = PBXGroup;
			children = (
				3D0B3BFA83079116225E1AF7 /* Accessibility */,
				C5A587EB129173E1B95167ED /* Configuration */,
				1609FB5F867B1C3CA6B4AE27 /* DesignSystem */,
				65C0EF25BEFF206689D51D92 /* Localization */,
			);
			path = Core;
			sourceTree = "<group>";
		};
		F006A2D7D437D0D9E0BB987E /* Models */ = {
			isa = PBXGroup;
			children = (
				0B21A993B08C6A00DBA85F6C /* AdminModels.swift */,
				A726A9DB9E1A0E9C01C1EBF7 /* ArticleModels.swift */,
				DF84E5F6012A2FFECDFA2728 /* Models.swift */,
				36948AB54137B537BC4CD1D3 /* PersonalMixModels.swift */,
			);
			path = Models;
			sourceTree = "<group>";
		};
		F75A56E166B7E4467C17AB00 /* Cache */ = {
			isa = PBXGroup;
			children = (
				F087E9FC9D6F898F0CFC97BF /* UserDefaultsStore.swift */,
			);
			path = Cache;
			sourceTree = "<group>";
		};
		F991826151156E0E91150A4C /* Auth */ = {
			isa = PBXGroup;
			children = (
				DF11E801F22041A5C6213625 /* AuthGateSheet.swift */,
			);
			path = Auth;
			sourceTree = "<group>";
		};
/* End PBXGroup section */

/* Begin PBXNativeTarget section */
		AB80DC21AB38E4895C92320A /* HookahBossUITests */ = {
			isa = PBXNativeTarget;
			buildConfigurationList = 675061008F94E8926592F959 /* Build configuration list for PBXNativeTarget "HookahBossUITests" */;
			buildPhases = (
				C260034DD1E36717C49C01FF /* Sources */,
			);
			buildRules = (
			);
			dependencies = (
				7900E7567D9089D262E50D41 /* PBXTargetDependency */,
			);
			name = HookahBossUITests;
			packageProductDependencies = (
			);
			productName = HookahBossUITests;
			productReference = 6300DE45B08AD5D371275DBF /* HookahBossUITests.xctest */;
			productType = "com.apple.product-type.bundle.ui-testing";
		};
		AD965C39EE30BC38BB6EEFB3 /* HookahBoss */ = {
			isa = PBXNativeTarget;
			buildConfigurationList = A0EDAE4BA1D705C1B3521AE8 /* Build configuration list for PBXNativeTarget "HookahBoss" */;
			buildPhases = (
				A7D89C8C0762303CA813651E /* SwiftGen */,
				AA018FE65DAA48CA9A45AE37 /* Sources */,
				FCB7B9E5318D7CA557F176A7 /* Resources */,
			);
			buildRules = (
			);
			dependencies = (
			);
			name = HookahBoss;
			packageProductDependencies = (
			);
			productName = HookahBoss;
			productReference = 58098A659657672CC273F18A /* HookahBoss.app */;
			productType = "com.apple.product-type.application";
		};
		B8F01FAFC374C09374BA7EA1 /* HookahBossTests */ = {
			isa = PBXNativeTarget;
			buildConfigurationList = 3EAB406776CAD260E8F21703 /* Build configuration list for PBXNativeTarget "HookahBossTests" */;
			buildPhases = (
				0220D48CA26546B789748035 /* Sources */,
			);
			buildRules = (
			);
			dependencies = (
				4CF0994F6D8AD2C2D50B0D9B /* PBXTargetDependency */,
			);
			name = HookahBossTests;
			packageProductDependencies = (
			);
			productName = HookahBossTests;
			productReference = 94E0035677F775AB485BFE35 /* HookahBossTests.xctest */;
			productType = "com.apple.product-type.bundle.unit-test";
		};
/* End PBXNativeTarget section */

/* Begin PBXProject section */
		4731B5171C68DBF7801EFD41 /* Project object */ = {
			isa = PBXProject;
			attributes = {
				BuildIndependentTargetsInParallel = YES;
				LastUpgradeCheck = 1430;
				TargetAttributes = {
					AB80DC21AB38E4895C92320A = {
						DevelopmentTeam = "";
						TestTargetID = AD965C39EE30BC38BB6EEFB3;
					};
					AD965C39EE30BC38BB6EEFB3 = {
						DevelopmentTeam = "";
						ProvisioningStyle = Automatic;
					};
					B8F01FAFC374C09374BA7EA1 = {
						DevelopmentTeam = "";
					};
				};
			};
			buildConfigurationList = D0686705B2BDC2391B6BFF83 /* Build configuration list for PBXProject "HookahBoss" */;
			developmentRegion = en;
			hasScannedForEncodings = 0;
			knownRegions = (
				Base,
				en,
				ru,
			);
			mainGroup = 9045B783F139C83B6A7844E1;
			minimizedProjectReferenceProxies = 1;
			preferredProjectObjectVersion = 77;
			productRefGroup = D43E13AF49B1770B06EF0E17 /* Products */;
			projectDirPath = "";
			projectRoot = "";
			targets = (
				AD965C39EE30BC38BB6EEFB3 /* HookahBoss */,
				B8F01FAFC374C09374BA7EA1 /* HookahBossTests */,
				AB80DC21AB38E4895C92320A /* HookahBossUITests */,
			);
		};
/* End PBXProject section */

/* Begin PBXResourcesBuildPhase section */
		FCB7B9E5318D7CA557F176A7 /* Resources */ = {
			isa = PBXResourcesBuildPhase;
			buildActionMask = 2147483647;
			files = (
				5FFF0353822073672BDBE844 /* Localizable.strings in Resources */,
				EE924C091EAA1A77A6946247 /* PrivacyInfo.xcprivacy in Resources */,
				821088405FFDA80604E40FF1 /* article-basics.png in Resources */,
				7A09DDC55A6C78D43D410EE5 /* article-care.png in Resources */,
				E859C88C2AA809465DCABFC1 /* article-heat.png in Resources */,
				9BFA2438A295F583509467D4 /* article-preparation.png in Resources */,
				4C6CDC672BAAD902CAD869E9 /* article-safety.png in Resources */,
				B8CA9DE6664B4AEB97044C9D /* mix-berry-citrus.png in Resources */,
				F16E3E5E7F8D2A3B56D54EB8 /* mix-dessert.png in Resources */,
				C3DF05F0E0DDEAD31BED1FFE /* mix-tropical.png in Resources */,
			);
			runOnlyForDeploymentPostprocessing = 0;
		};
/* End PBXResourcesBuildPhase section */

/* Begin PBXShellScriptBuildPhase section */
		A7D89C8C0762303CA813651E /* SwiftGen */ = {
			isa = PBXShellScriptBuildPhase;
			buildActionMask = 2147483647;
			files = (
			);
			inputFileListPaths = (
			);
			inputPaths = (
				"$(SRCROOT)/swiftgen.yml",
				"$(SRCROOT)/HookahBoss/Resources/Localization/en.lproj/Localizable.strings",
				"$(SRCROOT)/HookahBoss/Resources/Artwork",
			);
			name = SwiftGen;
			outputFileListPaths = (
			);
			outputPaths = (
				"$(SRCROOT)/HookahBoss/Generated/Strings+Generated.swift",
				"$(SRCROOT)/HookahBoss/Generated/AssetFiles+Generated.swift",
			);
			runOnlyForDeploymentPostprocessing = 0;
			shellPath = /bin/sh;
			shellScript = "set -euo pipefail\nexport PATH=\"/opt/homebrew/bin:/usr/local/bin:$PATH\"\nif ! command -v swiftgen >/dev/null 2>&1; then\n  echo \"error: SwiftGen is required. Run 'make bootstrap' from the repository root.\"\n  exit 1\nfi\nmkdir -p \"$SRCROOT/HookahBoss/Generated\"\nswiftgen config run --config \"$SRCROOT/swiftgen.yml\"\nperl -pi -e 's/[ \\t]+$//' \"$SRCROOT\"/HookahBoss/Generated/*.swift\n";
		};
/* End PBXShellScriptBuildPhase section */

/* Begin PBXSourcesBuildPhase section */
		0220D48CA26546B789748035 /* Sources */ = {
			isa = PBXSourcesBuildPhase;
			buildActionMask = 2147483647;
			files = (
				1D7A320C349F7A3A904887E1 /* APIClientTests.swift in Sources */,
				909B77D7BA4A60F34D9DB010 /* AdminFormTests.swift in Sources */,
				41E81C52317EA2C6D0A60C27 /* AppConfigBundleTests.swift in Sources */,
				694B782E2A90C557B0C74AE6 /* AppNavigationTests.swift in Sources */,
				73FE132225C72CF56E019EBF /* AppThemeTests.swift in Sources */,
				E0D7420C5C9E8726F7C28431 /* ArchitectureGuardTests.swift in Sources */,
				ACF28C8573BE1EF4B3C07061 /* AuthGateTests.swift in Sources */,
				86BDC4EECCA0B627545C06B3 /* CollectionViewModelTests.swift in Sources */,
				4EE7799D9E41AD16DF0867C6 /* CreateMixViewModelTests.swift in Sources */,
				8406C5A53BB90ACCF336AA74 /* EntitlementsManifestTests.swift in Sources */,
				13CE85BC5CEF15F94DF5E2A6 /* InventoryMatchViewModelTests.swift in Sources */,
				F3777A49E3E4A68E86BA76A6 /* MixRankingTests.swift in Sources */,
				597823E8523527A8F78AE109 /* PercentageDistributorTests.swift in Sources */,
				B0C56B3402322D6881168B7D /* PrivacyManifestTests.swift in Sources */,
				AF9EB31B4DAF2E0AD3F628B3 /* PublicContentStoreTests.swift in Sources */,
				D6A3E9A7FD60D45FFDF0B9C2 /* PublicFeatureViewModelTests.swift in Sources */,
				9F12718AA4130FD834502588 /* SyncSupportTests.swift in Sources */,
				02A1593FCA9C04C10C374F5A /* ViewModelTests.swift in Sources */,
			);
			runOnlyForDeploymentPostprocessing = 0;
		};
		AA018FE65DAA48CA9A45AE37 /* Sources */ = {
			isa = PBXSourcesBuildPhase;
			buildActionMask = 2147483647;
			files = (
				6A50D577D1FF4A5CB0636899 /* APIClient.swift in Sources */,
				9622C0264CC8F553EC607C81 /* APIModels.swift in Sources */,
				2E1A90507FDCC822B351F1E1 /* AccessibilityID.swift in Sources */,
				A9E94D78935F291B796DF4DC /* AdminModels.swift in Sources */,
				073CBA5E69BE67915621140B /* AdminView.swift in Sources */,
				8B49BD3079BBE1A4A1EBC01A /* AdminViewModels.swift in Sources */,
				463E2C51067C84A15A89C988 /* AppConfig.swift in Sources */,
				B77A68690DD0240583A71CE6 /* AppLocalization.swift in Sources */,
				0AE890F5D8D48C45FC7B629D /* AppNavigation.swift in Sources */,
				32FFF8732D5902572BEF335D /* AppTheme.swift in Sources */,
				6D011472AAC19B37A0A87865 /* ArticleModels.swift in Sources */,
				CA5B4ACFAC94EE2B99986F5C /* ArticlesView.swift in Sources */,
				7F0FA9A79BA8A7EC259576B0 /* ArticlesViewModel.swift in Sources */,
				659C75CF9CF779B149E3C67F /* ArtworkResource.swift in Sources */,
				352DE4A7E2F06256D03D1BDC /* AssetFiles+Generated.swift in Sources */,
				2C5B270D9B52892CEE695A62 /* AuthCore.swift in Sources */,
				34BAC78F018DB8F23A97A874 /* AuthGateSheet.swift in Sources */,
				EFED39FC19ECAA2015BC7E00 /* CollectionComponents.swift in Sources */,
				665BFA0C91E7957A378E799F /* CollectionService.swift in Sources */,
				E124F9E8FBFD5F898FB75747 /* CollectionView.swift in Sources */,
				5633E031461416873B56F7FC /* CollectionViewModel.swift in Sources */,
				A7BF9FEDEE528F83B8801BE2 /* CreateMixModels.swift in Sources */,
				2E0AB26367BE67888B5971A2 /* CreateMixService.swift in Sources */,
				B86ED078A42090172E494942 /* CreateMixView.swift in Sources */,
				049A3B54023137373CC567D2 /* CreateMixViewModel.swift in Sources */,
				BA83D3E8AC6A0D5DA926DFD7 /* FeatureServices.swift in Sources */,
				028D4DD21B29FED05DD9F268 /* HomeView.swift in Sources */,
				54A305598A634E2E58F5D2E5 /* HomeViewModel.swift in Sources */,
				7B9EAC9EFABC2D621C850A8E /* HookahBossApp.swift in Sources */,
				8C1E5EED5A2AD8494B0AD6CD /* InventoryMatchService.swift in Sources */,
				38E8725FCDCFFB526852BE66 /* InventoryMatchViewModel.swift in Sources */,
				EA7A0E7E5821A8FC679758A3 /* InventoryStore.swift in Sources */,
				25DB7F54F0C8A915EB52E328 /* MixCardView.swift in Sources */,
				2B845A32C000E6FC55165FDE /* MixCatalogView.swift in Sources */,
				48C94932CDD2136BBA58CBC7 /* MixCatalogViewModel.swift in Sources */,
				557D09920AB9C84DA342072C /* MixDetailView.swift in Sources */,
				D8FB055B6173422E98B30615 /* MixDetailViewModel.swift in Sources */,
				5767B20BC33B4C4CD4B76320 /* MixFilterView.swift in Sources */,
				BB60B1598AA0326D8B96921C /* MixRanking.swift in Sources */,
				3312F1F5EB36195FBBCBCAC2 /* Models.swift in Sources */,
				A5EA514D5627B7C52B6B9BA5 /* PersonalMixModels.swift in Sources */,
				AC408DAC745DB3086E915402 /* PersonalMixStore.swift in Sources */,
				544FF3E6161E3CA767B138A2 /* PublicContentStore.swift in Sources */,
				DAAA9806F461CDE462EC5324 /* Strings+Generated.swift in Sources */,
				9C144A1E2A01D5186E595738 /* SyncSupport.swift in Sources */,
				586F6CC8B100A81E15BDA82E /* UserDefaultsStore.swift in Sources */,
			);
			runOnlyForDeploymentPostprocessing = 0;
		};
		C260034DD1E36717C49C01FF /* Sources */ = {
			isa = PBXSourcesBuildPhase;
			buildActionMask = 2147483647;
			files = (
				A4482E002BEA5C6C27FB3A04 /* HookahBossSmokeUITests.swift in Sources */,
			);
			runOnlyForDeploymentPostprocessing = 0;
		};
/* End PBXSourcesBuildPhase section */

/* Begin PBXTargetDependency section */
		4CF0994F6D8AD2C2D50B0D9B /* PBXTargetDependency */ = {
			isa = PBXTargetDependency;
			target = AD965C39EE30BC38BB6EEFB3 /* HookahBoss */;
			targetProxy = 9095B90027E641234DA141E3 /* PBXContainerItemProxy */;
		};
		7900E7567D9089D262E50D41 /* PBXTargetDependency */ = {
			isa = PBXTargetDependency;
			target = AD965C39EE30BC38BB6EEFB3 /* HookahBoss */;
			targetProxy = 56357BD3EA37E6BDCD48E8CA /* PBXContainerItemProxy */;
		};
/* End PBXTargetDependency section */

/* Begin PBXVariantGroup section */
		8675E265D401B6B94A63264C /* Localizable.strings */ = {
			isa = PBXVariantGroup;
			children = (
				80B72FF7ED3A34DC1068C717 /* en */,
				22E1E83D286572201E1B0766 /* ru */,
			);
			name = Localizable.strings;
			sourceTree = "<group>";
		};
/* End PBXVariantGroup section */

/* Begin XCBuildConfiguration section */
		111B18647C01125E794C09FB /* Release */ = {
			isa = XCBuildConfiguration;
			buildSettings = {
				API_BASE_URL = "$(HOOKAHBOSS_RELEASE_API_BASE_URL)";
				ASSETCATALOG_COMPILER_APPICON_NAME = AppIcon;
				CODE_SIGN_ENTITLEMENTS = HookahBoss/App/Configuration/HookahBoss.entitlements;
				CODE_SIGN_IDENTITY = "iPhone Developer";
				CODE_SIGN_STYLE = Automatic;
				GENERATE_INFOPLIST_FILE = NO;
				INFOPLIST_FILE = HookahBoss/App/Configuration/Info.plist;
				LD_RUNPATH_SEARCH_PATHS = (
					"$(inherited)",
					"@executable_path/Frameworks",
				);
				PRODUCT_BUNDLE_IDENTIFIER = com.hookahboss.app;
				SDKROOT = iphoneos;
				TARGETED_DEVICE_FAMILY = 1;
			};
			name = Release;
		};
		34EAE48FC0974B7B0BF1A8A4 /* Debug */ = {
			isa = XCBuildConfiguration;
			buildSettings = {
				ALWAYS_SEARCH_USER_PATHS = NO;
				CLANG_ANALYZER_NONNULL = YES;
				CLANG_ANALYZER_NUMBER_OBJECT_CONVERSION = YES_AGGRESSIVE;
				CLANG_CXX_LANGUAGE_STANDARD = "gnu++14";
				CLANG_CXX_LIBRARY = "libc++";
				CLANG_ENABLE_MODULES = YES;
				CLANG_ENABLE_OBJC_ARC = YES;
				CLANG_ENABLE_OBJC_WEAK = YES;
				CLANG_WARN_BLOCK_CAPTURE_AUTORELEASING = YES;
				CLANG_WARN_BOOL_CONVERSION = YES;
				CLANG_WARN_COMMA = YES;
				CLANG_WARN_CONSTANT_CONVERSION = YES;
				CLANG_WARN_DEPRECATED_OBJC_IMPLEMENTATIONS = YES;
				CLANG_WARN_DIRECT_OBJC_ISA_USAGE = YES_ERROR;
				CLANG_WARN_DOCUMENTATION_COMMENTS = YES;
				CLANG_WARN_EMPTY_BODY = YES;
				CLANG_WARN_ENUM_CONVERSION = YES;
				CLANG_WARN_INFINITE_RECURSION = YES;
				CLANG_WARN_INT_CONVERSION = YES;
				CLANG_WARN_NON_LITERAL_NULL_CONVERSION = YES;
				CLANG_WARN_OBJC_IMPLICIT_RETAIN_SELF = YES;
				CLANG_WARN_OBJC_LITERAL_CONVERSION = YES;
				CLANG_WARN_OBJC_ROOT_CLASS = YES_ERROR;
				CLANG_WARN_QUOTED_INCLUDE_IN_FRAMEWORK_HEADER = YES;
				CLANG_WARN_RANGE_LOOP_ANALYSIS = YES;
				CLANG_WARN_STRICT_PROTOTYPES = YES;
				CLANG_WARN_SUSPICIOUS_MOVE = YES;
				CLANG_WARN_UNGUARDED_AVAILABILITY = YES_AGGRESSIVE;
				CLANG_WARN_UNREACHABLE_CODE = YES;
				CLANG_WARN__DUPLICATE_METHOD_MATCH = YES;
				COPY_PHASE_STRIP = NO;
				DEBUG_INFORMATION_FORMAT = dwarf;
				DEVELOPMENT_TEAM = "";
				ENABLE_STRICT_OBJC_MSGSEND = YES;
				ENABLE_TESTABILITY = YES;
				GCC_C_LANGUAGE_STANDARD = gnu11;
				GCC_DYNAMIC_NO_PIC = NO;
				GCC_NO_COMMON_BLOCKS = YES;
				GCC_OPTIMIZATION_LEVEL = 0;
				GCC_PREPROCESSOR_DEFINITIONS = (
					"$(inherited)",
					"DEBUG=1",
				);
				GCC_WARN_64_TO_32_BIT_CONVERSION = YES;
				GCC_WARN_ABOUT_RETURN_TYPE = YES_ERROR;
				GCC_WARN_UNDECLARED_SELECTOR = YES;
				GCC_WARN_UNINITIALIZED_AUTOS = YES_AGGRESSIVE;
				GCC_WARN_UNUSED_FUNCTION = YES;
				GCC_WARN_UNUSED_VARIABLE = YES;
				IPHONEOS_DEPLOYMENT_TARGET = 17.0;
				MTL_ENABLE_DEBUG_INFO = INCLUDE_SOURCE;
				MTL_FAST_MATH = YES;
				ONLY_ACTIVE_ARCH = YES;
				PRODUCT_NAME = "$(TARGET_NAME)";
				SDKROOT = iphoneos;
				SWIFT_ACTIVE_COMPILATION_CONDITIONS = DEBUG;
				SWIFT_ENABLE_BATCH_MODE = NO;
				SWIFT_OPTIMIZATION_LEVEL = "-Onone";
				SWIFT_VERSION = 6.0;
			};
			name = Debug;
		};
		4A8DD860F7FB34951E4C88F3 /* Release */ = {
			isa = XCBuildConfiguration;
			buildSettings = {
				BUNDLE_LOADER = "$(TEST_HOST)";
				GENERATE_INFOPLIST_FILE = YES;
				LD_RUNPATH_SEARCH_PATHS = (
					"$(inherited)",
					"@executable_path/Frameworks",
					"@loader_path/Frameworks",
				);
				PRODUCT_BUNDLE_IDENTIFIER = com.hookahboss.tests;
				SDKROOT = iphoneos;
				TARGETED_DEVICE_FAMILY = "1,2";
				TEST_HOST = "$(BUILT_PRODUCTS_DIR)/HookahBoss.app/HookahBoss";
			};
			name = Release;
		};
		59CB0A7CC38578D686B7F7F1 /* Debug */ = {
			isa = XCBuildConfiguration;
			buildSettings = {
				API_BASE_URL = "https://effective-reverse-plasma-brain.trycloudflare.com";
				ASSETCATALOG_COMPILER_APPICON_NAME = AppIcon;
				CODE_SIGN_ENTITLEMENTS = HookahBoss/App/Configuration/HookahBoss.entitlements;
				CODE_SIGN_IDENTITY = "iPhone Developer";
				CODE_SIGN_STYLE = Automatic;
				GENERATE_INFOPLIST_FILE = NO;
				INFOPLIST_FILE = HookahBoss/App/Configuration/Info.plist;
				LD_RUNPATH_SEARCH_PATHS = (
					"$(inherited)",
					"@executable_path/Frameworks",
				);
				PRODUCT_BUNDLE_IDENTIFIER = com.hookahboss.app;
				SDKROOT = iphoneos;
				TARGETED_DEVICE_FAMILY = 1;
			};
			name = Debug;
		};
		66C4A83B31290D8922B23FC4 /* Release */ = {
			isa = XCBuildConfiguration;
			buildSettings = {
				ALWAYS_SEARCH_USER_PATHS = NO;
				CLANG_ANALYZER_NONNULL = YES;
				CLANG_ANALYZER_NUMBER_OBJECT_CONVERSION = YES_AGGRESSIVE;
				CLANG_CXX_LANGUAGE_STANDARD = "gnu++14";
				CLANG_CXX_LIBRARY = "libc++";
				CLANG_ENABLE_MODULES = YES;
				CLANG_ENABLE_OBJC_ARC = YES;
				CLANG_ENABLE_OBJC_WEAK = YES;
				CLANG_WARN_BLOCK_CAPTURE_AUTORELEASING = YES;
				CLANG_WARN_BOOL_CONVERSION = YES;
				CLANG_WARN_COMMA = YES;
				CLANG_WARN_CONSTANT_CONVERSION = YES;
				CLANG_WARN_DEPRECATED_OBJC_IMPLEMENTATIONS = YES;
				CLANG_WARN_DIRECT_OBJC_ISA_USAGE = YES_ERROR;
				CLANG_WARN_DOCUMENTATION_COMMENTS = YES;
				CLANG_WARN_EMPTY_BODY = YES;
				CLANG_WARN_ENUM_CONVERSION = YES;
				CLANG_WARN_INFINITE_RECURSION = YES;
				CLANG_WARN_INT_CONVERSION = YES;
				CLANG_WARN_NON_LITERAL_NULL_CONVERSION = YES;
				CLANG_WARN_OBJC_IMPLICIT_RETAIN_SELF = YES;
				CLANG_WARN_OBJC_LITERAL_CONVERSION = YES;
				CLANG_WARN_OBJC_ROOT_CLASS = YES_ERROR;
				CLANG_WARN_QUOTED_INCLUDE_IN_FRAMEWORK_HEADER = YES;
				CLANG_WARN_RANGE_LOOP_ANALYSIS = YES;
				CLANG_WARN_STRICT_PROTOTYPES = YES;
				CLANG_WARN_SUSPICIOUS_MOVE = YES;
				CLANG_WARN_UNGUARDED_AVAILABILITY = YES_AGGRESSIVE;
				CLANG_WARN_UNREACHABLE_CODE = YES;
				CLANG_WARN__DUPLICATE_METHOD_MATCH = YES;
				COPY_PHASE_STRIP = NO;
				DEBUG_INFORMATION_FORMAT = "dwarf-with-dsym";
				DEVELOPMENT_TEAM = "";
				ENABLE_NS_ASSERTIONS = NO;
				ENABLE_STRICT_OBJC_MSGSEND = YES;
				GCC_C_LANGUAGE_STANDARD = gnu11;
				GCC_NO_COMMON_BLOCKS = YES;
				GCC_WARN_64_TO_32_BIT_CONVERSION = YES;
				GCC_WARN_ABOUT_RETURN_TYPE = YES_ERROR;
				GCC_WARN_UNDECLARED_SELECTOR = YES;
				GCC_WARN_UNINITIALIZED_AUTOS = YES_AGGRESSIVE;
				GCC_WARN_UNUSED_FUNCTION = YES;
				GCC_WARN_UNUSED_VARIABLE = YES;
				IPHONEOS_DEPLOYMENT_TARGET = 17.0;
				MTL_ENABLE_DEBUG_INFO = NO;
				MTL_FAST_MATH = YES;
				PRODUCT_NAME = "$(TARGET_NAME)";
				SDKROOT = iphoneos;
				SWIFT_COMPILATION_MODE = wholemodule;
				SWIFT_ENABLE_BATCH_MODE = NO;
				SWIFT_OPTIMIZATION_LEVEL = "-O";
				SWIFT_VERSION = 6.0;
			};
			name = Release;
		};
		8F58EE3C29E94DE2955A6E21 /* Debug */ = {
			isa = XCBuildConfiguration;
			buildSettings = {
				BUNDLE_LOADER = "$(TEST_HOST)";
				GENERATE_INFOPLIST_FILE = YES;
				LD_RUNPATH_SEARCH_PATHS = (
					"$(inherited)",
					"@executable_path/Frameworks",
					"@loader_path/Frameworks",
				);
				PRODUCT_BUNDLE_IDENTIFIER = com.hookahboss.tests;
				SDKROOT = iphoneos;
				TARGETED_DEVICE_FAMILY = "1,2";
				TEST_HOST = "$(BUILT_PRODUCTS_DIR)/HookahBoss.app/HookahBoss";
			};
			name = Debug;
		};
		F5ADDBDEA4DCDDA46E280BFE /* Release */ = {
			isa = XCBuildConfiguration;
			buildSettings = {
				BUNDLE_LOADER = "$(TEST_HOST)";
				GENERATE_INFOPLIST_FILE = YES;
				LD_RUNPATH_SEARCH_PATHS = (
					"$(inherited)",
					"@executable_path/Frameworks",
					"@loader_path/Frameworks",
				);
				PRODUCT_BUNDLE_IDENTIFIER = com.hookahboss.uitests;
				SDKROOT = iphoneos;
				TARGETED_DEVICE_FAMILY = "1,2";
				TEST_TARGET_NAME = HookahBoss;
			};
			name = Release;
		};
		FE41504A82CB19C30E16F0ED /* Debug */ = {
			isa = XCBuildConfiguration;
			buildSettings = {
				BUNDLE_LOADER = "$(TEST_HOST)";
				GENERATE_INFOPLIST_FILE = YES;
				LD_RUNPATH_SEARCH_PATHS = (
					"$(inherited)",
					"@executable_path/Frameworks",
					"@loader_path/Frameworks",
				);
				PRODUCT_BUNDLE_IDENTIFIER = com.hookahboss.uitests;
				SDKROOT = iphoneos;
				TARGETED_DEVICE_FAMILY = "1,2";
				TEST_TARGET_NAME = HookahBoss;
			};
			name = Debug;
		};
/* End XCBuildConfiguration section */

/* Begin XCConfigurationList section */
		3EAB406776CAD260E8F21703 /* Build configuration list for PBXNativeTarget "HookahBossTests" */ = {
			isa = XCConfigurationList;
			buildConfigurations = (
				8F58EE3C29E94DE2955A6E21 /* Debug */,
				4A8DD860F7FB34951E4C88F3 /* Release */,
			);
			defaultConfigurationIsVisible = 0;
			defaultConfigurationName = Debug;
		};
		675061008F94E8926592F959 /* Build configuration list for PBXNativeTarget "HookahBossUITests" */ = {
			isa = XCConfigurationList;
			buildConfigurations = (
				FE41504A82CB19C30E16F0ED /* Debug */,
				F5ADDBDEA4DCDDA46E280BFE /* Release */,
			);
			defaultConfigurationIsVisible = 0;
			defaultConfigurationName = Debug;
		};
		A0EDAE4BA1D705C1B3521AE8 /* Build configuration list for PBXNativeTarget "HookahBoss" */ = {
			isa = XCConfigurationList;
			buildConfigurations = (
				59CB0A7CC38578D686B7F7F1 /* Debug */,
				111B18647C01125E794C09FB /* Release */,
			);
			defaultConfigurationIsVisible = 0;
			defaultConfigurationName = Debug;
		};
		D0686705B2BDC2391B6BFF83 /* Build configuration list for PBXProject "HookahBoss" */ = {
			isa = XCConfigurationList;
			buildConfigurations = (
				34EAE48FC0974B7B0BF1A8A4 /* Debug */,
				66C4A83B31290D8922B23FC4 /* Release */,
			);
			defaultConfigurationIsVisible = 0;
			defaultConfigurationName = Debug;
		};
/* End XCConfigurationList section */
	};
	rootObject = 4731B5171C68DBF7801EFD41 /* Project object */;
}
